// !$*UTF8*$!
{
	archiveVersion = 1;
	classes = {
	};
	objectVersion = 50;
	objects = {

/* Begin PBXBuildFile section */
		1116CB94252DFF4E0080E01E /* LocalStorageManagerTests.swift in Sources */ = {isa = PBXBuildFile; fileRef = 1116CB93252DFF4E0080E01E /* LocalStorageManagerTests.swift */; };
		1116CC18252EED740080E01E /* SavedDataViewController.swift in Sources */ = {isa = PBXBuildFile; fileRef = 1116CC10252EED6D0080E01E /* SavedDataViewController.swift */; };
		1116CC1C252EEFA60080E01E /* SavedItemTableViewCell.swift in Sources */ = {isa = PBXBuildFile; fileRef = 1116CC1B252EEFA60080E01E /* SavedItemTableViewCell.swift */; };
		1116CC20252EF3C60080E01E /* SavedConsent.swift in Sources */ = {isa = PBXBuildFile; fileRef = 1116CC1F252EF3C60080E01E /* SavedConsent.swift */; };
		11181159252D9AE0007918FE /* UIButton+Extensions.swift in Sources */ = {isa = PBXBuildFile; fileRef = 11181158252D9AE0007918FE /* UIButton+Extensions.swift */; };
		11181177252DA91A007918FE /* BaseViewController.swift in Sources */ = {isa = PBXBuildFile; fileRef = 11181176252DA91A007918FE /* BaseViewController.swift */; };
		1118117B252DAA4E007918FE /* MobileConsentError.swift in Sources */ = {isa = PBXBuildFile; fileRef = 1118117A252DAA4E007918FE /* MobileConsentError.swift */; };
		111C7CC5252C522100E93EE2 /* ConsentTests.swift in Sources */ = {isa = PBXBuildFile; fileRef = 111C7CC4252C522100E93EE2 /* ConsentTests.swift */; };
		111C7CD5252C96D200E93EE2 /* ISO8601DateFormatter+Extensions.swift in Sources */ = {isa = PBXBuildFile; fileRef = 111C7CD4252C96D200E93EE2 /* ISO8601DateFormatter+Extensions.swift */; };
		111C7CDB252C970100E93EE2 /* Date+Extensions.swift in Sources */ = {isa = PBXBuildFile; fileRef = 111C7CDA252C970100E93EE2 /* Date+Extensions.swift */; };
		111C7CE1252C972900E93EE2 /* Formatter+Extensions.swift in Sources */ = {isa = PBXBuildFile; fileRef = 111C7CE0252C972900E93EE2 /* Formatter+Extensions.swift */; };
		111C7CE7252C976600E93EE2 /* String+Extensions.swift in Sources */ = {isa = PBXBuildFile; fileRef = 111C7CE6252C976600E93EE2 /* String+Extensions.swift */; };
		112C427925348FC2004E115A /* APIError.swift in Sources */ = {isa = PBXBuildFile; fileRef = 112C427825348FC2004E115A /* APIError.swift */; };
		112C42EF2535B044004E115A /* MockedUserDefaults.swift in Sources */ = {isa = PBXBuildFile; fileRef = 112C42EE2535B044004E115A /* MockedUserDefaults.swift */; };
		112C42F52535C60B004E115A /* UserDefaults+Extensions.swift in Sources */ = {isa = PBXBuildFile; fileRef = 112C42F42535C60B004E115A /* UserDefaults+Extensions.swift */; };
		112C42FC2535C65C004E115A /* UserDefaultsProtocol.swift in Sources */ = {isa = PBXBuildFile; fileRef = 112C42FB2535C65C004E115A /* UserDefaultsProtocol.swift */; };
		1141FDA6251B343700748076 /* HTTPMethod.swift in Sources */ = {isa = PBXBuildFile; fileRef = 1141FDA5251B343700748076 /* HTTPMethod.swift */; };
		1141FDE0251B4FEE00748076 /* Task.swift in Sources */ = {isa = PBXBuildFile; fileRef = 1141FDDF251B4FEE00748076 /* Task.swift */; };
		114D8FD7251B236500D8D113 /* EndpointType.swift in Sources */ = {isa = PBXBuildFile; fileRef = 114D8FD6251B236500D8D113 /* EndpointType.swift */; };
		1161EBB8252588880078C76F /* MobileConsentsSolutionViewModel.swift in Sources */ = {isa = PBXBuildFile; fileRef = 1161EBB7252588880078C76F /* MobileConsentsSolutionViewModel.swift */; };
		1161EBC025258ADD0078C76F /* SolutionDetailsTableViewCell.swift in Sources */ = {isa = PBXBuildFile; fileRef = 1161EBBF25258ADD0078C76F /* SolutionDetailsTableViewCell.swift */; };
		1161EBC52525A1700078C76F /* ConsentItemDetailsTableViewCell.swift in Sources */ = {isa = PBXBuildFile; fileRef = 1161EBC42525A1700078C76F /* ConsentItemDetailsTableViewCell.swift */; };
		1161EBE42525DB840078C76F /* LocalStorageManager.swift in Sources */ = {isa = PBXBuildFile; fileRef = 1161EBE32525DB840078C76F /* LocalStorageManager.swift */; };
		1161EC45252A17FC0078C76F /* UITableViewCell+Extensions.swift in Sources */ = {isa = PBXBuildFile; fileRef = 1161EC44252A17FC0078C76F /* UITableViewCell+Extensions.swift */; };
		1161EC59252B510F0078C76F /* PlatformInformationGenerator.swift in Sources */ = {isa = PBXBuildFile; fileRef = 1161EC58252B510F0078C76F /* PlatformInformationGenerator.swift */; };
		117BF13B2518D2940089C9E9 /* MobileConsents.h in Headers */ = {isa = PBXBuildFile; fileRef = 117BF1392518D2940089C9E9 /* MobileConsents.h */; settings = {ATTRIBUTES = (Public, ); }; };
		117BF216251A72770089C9E9 /* MobileConsents.swift in Sources */ = {isa = PBXBuildFile; fileRef = 117BF215251A72770089C9E9 /* MobileConsents.swift */; };
		117BF219251A72D20089C9E9 /* Environment.swift in Sources */ = {isa = PBXBuildFile; fileRef = 117BF218251A72D20089C9E9 /* Environment.swift */; };
		119AFB0525230F9100186CB7 /* AppDelegate.swift in Sources */ = {isa = PBXBuildFile; fileRef = 119AFB0425230F9100186CB7 /* AppDelegate.swift */; };
		119AFB0925230F9100186CB7 /* MobileConsentsSolutionViewController.swift in Sources */ = {isa = PBXBuildFile; fileRef = 119AFB0825230F9100186CB7 /* MobileConsentsSolutionViewController.swift */; };
		119AFB0C25230F9100186CB7 /* Main.storyboard in Resources */ = {isa = PBXBuildFile; fileRef = 119AFB0A25230F9100186CB7 /* Main.storyboard */; };
		119AFB0E25230F9200186CB7 /* Assets.xcassets in Resources */ = {isa = PBXBuildFile; fileRef = 119AFB0D25230F9200186CB7 /* Assets.xcassets */; };
		119AFB1125230F9200186CB7 /* LaunchScreen.storyboard in Resources */ = {isa = PBXBuildFile; fileRef = 119AFB0F25230F9200186CB7 /* LaunchScreen.storyboard */; };
		119AFB3325232A7100186CB7 /* HTTPURLResponse+Extenions.swift in Sources */ = {isa = PBXBuildFile; fileRef = 119AFB3225232A7100186CB7 /* HTTPURLResponse+Extenions.swift */; };
		119AFB49252377B100186CB7 /* Rubik-Light.ttf in Resources */ = {isa = PBXBuildFile; fileRef = 119AFB45252377B000186CB7 /* Rubik-Light.ttf */; };
		119AFB4A252377B100186CB7 /* Rubik-Medium.ttf in Resources */ = {isa = PBXBuildFile; fileRef = 119AFB46252377B000186CB7 /* Rubik-Medium.ttf */; };
		119AFB4B252377B100186CB7 /* Rubik-Bold.ttf in Resources */ = {isa = PBXBuildFile; fileRef = 119AFB47252377B000186CB7 /* Rubik-Bold.ttf */; };
		119AFB4C252377B100186CB7 /* Rubik-Regular.ttf in Resources */ = {isa = PBXBuildFile; fileRef = 119AFB48252377B100186CB7 /* Rubik-Regular.ttf */; };
		119AFB642523880A00186CB7 /* Collection+Extensions.swift in Sources */ = {isa = PBXBuildFile; fileRef = 119AFB632523880A00186CB7 /* Collection+Extensions.swift */; };
		11B5182B251C691D00581FF4 /* ParameterEncoding.swift in Sources */ = {isa = PBXBuildFile; fileRef = 11B5182A251C691D00581FF4 /* ParameterEncoding.swift */; };
		11B51831251C69F700581FF4 /* JSONParameterEncoder.swift in Sources */ = {isa = PBXBuildFile; fileRef = 11B51830251C69F700581FF4 /* JSONParameterEncoder.swift */; };
		11B5183A251C6BA700581FF4 /* Provider.swift in Sources */ = {isa = PBXBuildFile; fileRef = 11B51839251C6BA700581FF4 /* Provider.swift */; };
		11B51840251C6C4E00581FF4 /* NetworkLogger.swift in Sources */ = {isa = PBXBuildFile; fileRef = 11B5183F251C6C4E00581FF4 /* NetworkLogger.swift */; };
		11B51846251C6E7D00581FF4 /* URLParameterEncoder.swift in Sources */ = {isa = PBXBuildFile; fileRef = 11B51845251C6E7D00581FF4 /* URLParameterEncoder.swift */; };
		11B5184B251C710700581FF4 /* APIService.swift in Sources */ = {isa = PBXBuildFile; fileRef = 11B5184A251C710700581FF4 /* APIService.swift */; };
		11B51852251C728E00581FF4 /* NetworkManager.swift in Sources */ = {isa = PBXBuildFile; fileRef = 11B51851251C728E00581FF4 /* NetworkManager.swift */; };
		11B51859251C73B400581FF4 /* ConsentItem.swift in Sources */ = {isa = PBXBuildFile; fileRef = 11B51858251C73B400581FF4 /* ConsentItem.swift */; };
		11B51925251DCA8000581FF4 /* ConsentTranslation.swift in Sources */ = {isa = PBXBuildFile; fileRef = 11B51924251DCA8000581FF4 /* ConsentTranslation.swift */; };
		11B5192B251DEBCE00581FF4 /* Consent.swift in Sources */ = {isa = PBXBuildFile; fileRef = 11B5192A251DEBCE00581FF4 /* Consent.swift */; };
		910AF04525D3C3E400D5F2BF /* PrivacyCenterViewController.swift in Sources */ = {isa = PBXBuildFile; fileRef = 910AF04425D3C3E400D5F2BF /* PrivacyCenterViewController.swift */; };
		910AF05325D3F1B900D5F2BF /* HeaderTableViewCell.swift in Sources */ = {isa = PBXBuildFile; fileRef = 910AF05225D3F1B900D5F2BF /* HeaderTableViewCell.swift */; };
		910AF05725D3F1D200D5F2BF /* ContentTableViewCell.swift in Sources */ = {isa = PBXBuildFile; fileRef = 910AF05625D3F1D200D5F2BF /* ContentTableViewCell.swift */; };
		910AF05C25D3FE0F00D5F2BF /* Section.swift in Sources */ = {isa = PBXBuildFile; fileRef = 910AF05B25D3FE0E00D5F2BF /* Section.swift */; };
		910AF06225D3FE2F00D5F2BF /* ConsentItemSection.swift in Sources */ = {isa = PBXBuildFile; fileRef = 910AF06125D3FE2F00D5F2BF /* ConsentItemSection.swift */; };
		910AF06625D400C300D5F2BF /* PreferencesSection.swift in Sources */ = {isa = PBXBuildFile; fileRef = 910AF06525D400C300D5F2BF /* PreferencesSection.swift */; };
		910AF06B25D4039B00D5F2BF /* SwitchTableViewCell.swift in Sources */ = {isa = PBXBuildFile; fileRef = 910AF06A25D4039B00D5F2BF /* SwitchTableViewCell.swift */; };
		9139FE8B25E92E72002FDE43 /* PopUpConsentViewModelTests.swift in Sources */ = {isa = PBXBuildFile; fileRef = 9139FE8A25E92E72002FDE43 /* PopUpConsentViewModelTests.swift */; };
		9139FE9125E933BE002FDE43 /* PrivacyPopUpViewModelTests.swift in Sources */ = {isa = PBXBuildFile; fileRef = 9139FE9025E933BE002FDE43 /* PrivacyPopUpViewModelTests.swift */; };
		913A057B25DE594000571BA3 /* NSAttributedString+FromHTML.swift in Sources */ = {isa = PBXBuildFile; fileRef = 913A057A25DE594000571BA3 /* NSAttributedString+FromHTML.swift */; };
		913A058225DE74FE00571BA3 /* PopUpPresentationController.swift in Sources */ = {isa = PBXBuildFile; fileRef = 913A058125DE74FE00571BA3 /* PopUpPresentationController.swift */; };
		913A058825DE7D3B00571BA3 /* PrivacyPopUpViewController.swift in Sources */ = {isa = PBXBuildFile; fileRef = 913A058725DE7D3B00571BA3 /* PrivacyPopUpViewController.swift */; };
		913A058C25DE8ED500571BA3 /* CheckboxTableViewCell.swift in Sources */ = {isa = PBXBuildFile; fileRef = 913A058B25DE8ED500571BA3 /* CheckboxTableViewCell.swift */; };
		913A059425DED32D00571BA3 /* PopUpDescriptionTableViewCell.swift in Sources */ = {isa = PBXBuildFile; fileRef = 913A059325DED32D00571BA3 /* PopUpDescriptionTableViewCell.swift */; };
		914D988D25EADDE500588DF3 /* PushPopModalTransition.swift in Sources */ = {isa = PBXBuildFile; fileRef = 914D988C25EADDE500588DF3 /* PushPopModalTransition.swift */; };
		914D98A325EE28E600588DF3 /* PrivacyCenterViewModelTests.swift in Sources */ = {isa = PBXBuildFile; fileRef = 914D98A225EE28E600588DF3 /* PrivacyCenterViewModelTests.swift */; };
		916293ED25D5A925004820C7 /* Rubik-Bold.ttf in Resources */ = {isa = PBXBuildFile; fileRef = 916293E925D5A925004820C7 /* Rubik-Bold.ttf */; };
		916293EE25D5A925004820C7 /* Rubik-Light.ttf in Resources */ = {isa = PBXBuildFile; fileRef = 916293EA25D5A925004820C7 /* Rubik-Light.ttf */; };
		916293EF25D5A925004820C7 /* Rubik-Medium.ttf in Resources */ = {isa = PBXBuildFile; fileRef = 916293EB25D5A925004820C7 /* Rubik-Medium.ttf */; };
		916293F025D5A925004820C7 /* Rubik-Regular.ttf in Resources */ = {isa = PBXBuildFile; fileRef = 916293EC25D5A925004820C7 /* Rubik-Regular.ttf */; };
		916293F625D5AA94004820C7 /* FontLoader.swift in Sources */ = {isa = PBXBuildFile; fileRef = 916293F525D5AA94004820C7 /* FontLoader.swift */; };
		9169605025D9B04C00930302 /* UIImage+Extension.swift in Sources */ = {isa = PBXBuildFile; fileRef = 9169604F25D9B04C00930302 /* UIImage+Extension.swift */; };
		916C540A25DA66F1000B7993 /* SubheaderTableViewCell.swift in Sources */ = {isa = PBXBuildFile; fileRef = 916C540925DA66F1000B7993 /* SubheaderTableViewCell.swift */; };
		916C540E25DA66FC000B7993 /* TitleTableViewCell.swift in Sources */ = {isa = PBXBuildFile; fileRef = 916C540D25DA66FC000B7993 /* TitleTableViewCell.swift */; };
		916C541225DA71B6000B7993 /* UIView+Extension.swift in Sources */ = {isa = PBXBuildFile; fileRef = 916C541125DA71B6000B7993 /* UIView+Extension.swift */; };
		916C541625DA73AA000B7993 /* BaseTableViewCell.swift in Sources */ = {isa = PBXBuildFile; fileRef = 916C541525DA73AA000B7993 /* BaseTableViewCell.swift */; };
		916C541B25DA7643000B7993 /* PrivacyCenterViewModel.swift in Sources */ = {isa = PBXBuildFile; fileRef = 916C541A25DA7643000B7993 /* PrivacyCenterViewModel.swift */; };
		916C542125DA7A5B000B7993 /* TemplateTranslation.swift in Sources */ = {isa = PBXBuildFile; fileRef = 916C542025DA7A5B000B7993 /* TemplateTranslation.swift */; };
		916C542525DA8064000B7993 /* TemplateTexts.swift in Sources */ = {isa = PBXBuildFile; fileRef = 916C542425DA8064000B7993 /* TemplateTexts.swift */; };
		916C542925DA87A2000B7993 /* Translated.swift in Sources */ = {isa = PBXBuildFile; fileRef = 916C542825DA87A2000B7993 /* Translated.swift */; };
		916C543425DA8E44000B7993 /* DecodingTests.swift in Sources */ = {isa = PBXBuildFile; fileRef = 916C542C25DA8DD5000B7993 /* DecodingTests.swift */; };
		916C543E25DA8E97000B7993 /* ConsentSolution.json in Resources */ = {isa = PBXBuildFile; fileRef = 916C543825DA8E94000B7993 /* ConsentSolution.json */; };
		9171D94025E65A5B00DF3F96 /* Constants.swift in Sources */ = {isa = PBXBuildFile; fileRef = 9171D93A25E65A0A00DF3F96 /* Constants.swift */; };
		9172AD7E25DBB84100CB0FFC /* ProcessingPurpose.swift in Sources */ = {isa = PBXBuildFile; fileRef = 11B51942251E19A100581FF4 /* ProcessingPurpose.swift */; };
		9172AD8125DBB86C00CB0FFC /* ConsentSolution.swift in Sources */ = {isa = PBXBuildFile; fileRef = 11B51920251DC95500581FF4 /* ConsentSolution.swift */; };
		918C4E7525E6DAF800FFA4D9 /* AsyncDispatcher.swift in Sources */ = {isa = PBXBuildFile; fileRef = 918C4E7425E6DAF800FFA4D9 /* AsyncDispatcher.swift */; };
		918C4E7F25E78DEF00FFA4D9 /* GradientContainer.swift in Sources */ = {isa = PBXBuildFile; fileRef = 918C4E7E25E78DEF00FFA4D9 /* GradientContainer.swift */; };
		919FB57625E4ED79000CE411 /* PopUpButtonViewModel.swift in Sources */ = {isa = PBXBuildFile; fileRef = 919FB57525E4ED79000CE411 /* PopUpButtonViewModel.swift */; };
		919FB57E25E4EDC0000CE411 /* ButtonStateProvider.swift in Sources */ = {isa = PBXBuildFile; fileRef = 919FB57D25E4EDC0000CE411 /* ButtonStateProvider.swift */; };
		91AE8B1025F21DD1002384F0 /* UIWindow+Extension.swift in Sources */ = {isa = PBXBuildFile; fileRef = 91AE8B0F25F21DD1002384F0 /* UIWindow+Extension.swift */; };
		91AE8B1A25F24BC6002384F0 /* UIViewController+Extension.swift in Sources */ = {isa = PBXBuildFile; fileRef = 91AE8B1925F24BC6002384F0 /* UIViewController+Extension.swift */; };
		91AE8B1E25F24C49002384F0 /* MobileConsentsMock.swift in Sources */ = {isa = PBXBuildFile; fileRef = 91AE8B1D25F24C49002384F0 /* MobileConsentsMock.swift */; };
		91AE8B3425F62929002384F0 /* Localizable.strings in Resources */ = {isa = PBXBuildFile; fileRef = 91AE8B3625F62929002384F0 /* Localizable.strings */; };
		91B780AA25DFBE8100B78B38 /* PopUpDescriptionSection.swift in Sources */ = {isa = PBXBuildFile; fileRef = 91B780A925DFBE8100B78B38 /* PopUpDescriptionSection.swift */; };
		91B780AE25DFBEC500B78B38 /* PopUpConsentsSection.swift in Sources */ = {isa = PBXBuildFile; fileRef = 91B780AD25DFBEC500B78B38 /* PopUpConsentsSection.swift */; };
		91B780B625DFC14100B78B38 /* PopUpButtonsView.swift in Sources */ = {isa = PBXBuildFile; fileRef = 91B780B525DFC14100B78B38 /* PopUpButtonsView.swift */; };
		91B780C225DFC83C00B78B38 /* PopUpTitleView.swift in Sources */ = {isa = PBXBuildFile; fileRef = 91B780C125DFC83C00B78B38 /* PopUpTitleView.swift */; };
		91B780C625DFD0D000B78B38 /* PrivacyPopUpViewModel.swift in Sources */ = {isa = PBXBuildFile; fileRef = 91B780C525DFD0D000B78B38 /* PrivacyPopUpViewModel.swift */; };
		91B780D425E0387600B78B38 /* Router.swift in Sources */ = {isa = PBXBuildFile; fileRef = 91B780D325E0387600B78B38 /* Router.swift */; };
		91B83B4C25E90F81006973E7 /* ConsentSolutionManagerTests.swift in Sources */ = {isa = PBXBuildFile; fileRef = 91B83B4B25E90F81006973E7 /* ConsentSolutionManagerTests.swift */; };
		91CD980D25D6B881001CAC83 /* HTMLTextView.swift in Sources */ = {isa = PBXBuildFile; fileRef = 91CD980C25D6B881001CAC83 /* HTMLTextView.swift */; };
		91CD981625D6BB3E001CAC83 /* Rubik-BoldItalic.ttf in Resources */ = {isa = PBXBuildFile; fileRef = 91CD981225D6BB3E001CAC83 /* Rubik-BoldItalic.ttf */; };
		91CD981725D6BB3E001CAC83 /* Rubik-MediumItalic.ttf in Resources */ = {isa = PBXBuildFile; fileRef = 91CD981325D6BB3E001CAC83 /* Rubik-MediumItalic.ttf */; };
		91CD981825D6BB3E001CAC83 /* Rubik-LightItalic.ttf in Resources */ = {isa = PBXBuildFile; fileRef = 91CD981425D6BB3E001CAC83 /* Rubik-LightItalic.ttf */; };
		91CD981925D6BB3E001CAC83 /* Rubik-Italic.ttf in Resources */ = {isa = PBXBuildFile; fileRef = 91CD981525D6BB3E001CAC83 /* Rubik-Italic.ttf */; };
		91CD981E25D85FFA001CAC83 /* UIColor+Extension.swift in Sources */ = {isa = PBXBuildFile; fileRef = 91CD981D25D85FFA001CAC83 /* UIColor+Extension.swift */; };
		91CD982425D861E5001CAC83 /* Assets.xcassets in Resources */ = {isa = PBXBuildFile; fileRef = 91CD982325D861E5001CAC83 /* Assets.xcassets */; };
		91CD982825D86257001CAC83 /* UIFont+Extension.swift in Sources */ = {isa = PBXBuildFile; fileRef = 91CD982725D86257001CAC83 /* UIFont+Extension.swift */; };
		91CD982C25D97405001CAC83 /* UITableView+Reusable.swift in Sources */ = {isa = PBXBuildFile; fileRef = 91CD982B25D97405001CAC83 /* UITableView+Reusable.swift */; };
		91DDCCB125E3ABF30091352A /* StyleConstants.swift in Sources */ = {isa = PBXBuildFile; fileRef = 91DDCCB025E3ABF30091352A /* StyleConstants.swift */; };
		91DDCCBB25E3B96F0091352A /* ConsentSolutionManager.swift in Sources */ = {isa = PBXBuildFile; fileRef = 91DDCCBA25E3B96F0091352A /* ConsentSolutionManager.swift */; };
		9B015048252C63AD00FE97A8 /* MobileConsentsSDK.framework in Frameworks */ = {isa = PBXBuildFile; fileRef = 117BF1362518D2940089C9E9 /* MobileConsentsSDK.framework */; };
		9B015049252C63AD00FE97A8 /* MobileConsentsSDK.framework in Embed Frameworks */ = {isa = PBXBuildFile; fileRef = 117BF1362518D2940089C9E9 /* MobileConsentsSDK.framework */; settings = {ATTRIBUTES = (CodeSignOnCopy, RemoveHeadersOnCopy, ); }; };
		9B8E95B92519C8B0001DF8BD /* MobileConsentsSDK.framework in Frameworks */ = {isa = PBXBuildFile; fileRef = 117BF1362518D2940089C9E9 /* MobileConsentsSDK.framework */; };
/* End PBXBuildFile section */

/* Begin PBXContainerItemProxy section */
		119AFB1C25230F9F00186CB7 /* PBXContainerItemProxy */ = {
			isa = PBXContainerItemProxy;
			containerPortal = 117BF12D2518D2940089C9E9 /* Project object */;
			proxyType = 1;
			remoteGlobalIDString = 117BF1352518D2940089C9E9;
			remoteInfo = MobileConsentsSDK;
		};
		9B8E95BA2519C8B0001DF8BD /* PBXContainerItemProxy */ = {
			isa = PBXContainerItemProxy;
			containerPortal = 117BF12D2518D2940089C9E9 /* Project object */;
			proxyType = 1;
			remoteGlobalIDString = 117BF1352518D2940089C9E9;
			remoteInfo = MobileConsents;
		};
/* End PBXContainerItemProxy section */

/* Begin PBXCopyFilesBuildPhase section */
		9B01504A252C63AD00FE97A8 /* Embed Frameworks */ = {
			isa = PBXCopyFilesBuildPhase;
			buildActionMask = 2147483647;
			dstPath = "";
			dstSubfolderSpec = 10;
			files = (
				9B015049252C63AD00FE97A8 /* MobileConsentsSDK.framework in Embed Frameworks */,
			);
			name = "Embed Frameworks";
			runOnlyForDeploymentPostprocessing = 0;
		};
/* End PBXCopyFilesBuildPhase section */

/* Begin PBXFileReference section */
		1116CB93252DFF4E0080E01E /* LocalStorageManagerTests.swift */ = {isa = PBXFileReference; lastKnownFileType = sourcecode.swift; path = LocalStorageManagerTests.swift; sourceTree = "<group>"; };
		1116CC10252EED6D0080E01E /* SavedDataViewController.swift */ = {isa = PBXFileReference; lastKnownFileType = sourcecode.swift; path = SavedDataViewController.swift; sourceTree = "<group>"; };
		1116CC1B252EEFA60080E01E /* SavedItemTableViewCell.swift */ = {isa = PBXFileReference; lastKnownFileType = sourcecode.swift; path = SavedItemTableViewCell.swift; sourceTree = "<group>"; };
		1116CC1F252EF3C60080E01E /* SavedConsent.swift */ = {isa = PBXFileReference; lastKnownFileType = sourcecode.swift; path = SavedConsent.swift; sourceTree = "<group>"; };
		11181158252D9AE0007918FE /* UIButton+Extensions.swift */ = {isa = PBXFileReference; lastKnownFileType = sourcecode.swift; path = "UIButton+Extensions.swift"; sourceTree = "<group>"; };
		11181176252DA91A007918FE /* BaseViewController.swift */ = {isa = PBXFileReference; lastKnownFileType = sourcecode.swift; path = BaseViewController.swift; sourceTree = "<group>"; };
		1118117A252DAA4E007918FE /* MobileConsentError.swift */ = {isa = PBXFileReference; lastKnownFileType = sourcecode.swift; path = MobileConsentError.swift; sourceTree = "<group>"; };
		111C7CC4252C522100E93EE2 /* ConsentTests.swift */ = {isa = PBXFileReference; lastKnownFileType = sourcecode.swift; path = ConsentTests.swift; sourceTree = "<group>"; };
		111C7CD4252C96D200E93EE2 /* ISO8601DateFormatter+Extensions.swift */ = {isa = PBXFileReference; lastKnownFileType = sourcecode.swift; path = "ISO8601DateFormatter+Extensions.swift"; sourceTree = "<group>"; };
		111C7CDA252C970100E93EE2 /* Date+Extensions.swift */ = {isa = PBXFileReference; lastKnownFileType = sourcecode.swift; path = "Date+Extensions.swift"; sourceTree = "<group>"; };
		111C7CE0252C972900E93EE2 /* Formatter+Extensions.swift */ = {isa = PBXFileReference; lastKnownFileType = sourcecode.swift; path = "Formatter+Extensions.swift"; sourceTree = "<group>"; };
		111C7CE6252C976600E93EE2 /* String+Extensions.swift */ = {isa = PBXFileReference; lastKnownFileType = sourcecode.swift; path = "String+Extensions.swift"; sourceTree = "<group>"; };
		112C427825348FC2004E115A /* APIError.swift */ = {isa = PBXFileReference; lastKnownFileType = sourcecode.swift; path = APIError.swift; sourceTree = "<group>"; };
		112C42EE2535B044004E115A /* MockedUserDefaults.swift */ = {isa = PBXFileReference; lastKnownFileType = sourcecode.swift; path = MockedUserDefaults.swift; sourceTree = "<group>"; };
		112C42F42535C60B004E115A /* UserDefaults+Extensions.swift */ = {isa = PBXFileReference; lastKnownFileType = sourcecode.swift; path = "UserDefaults+Extensions.swift"; sourceTree = "<group>"; };
		112C42FB2535C65C004E115A /* UserDefaultsProtocol.swift */ = {isa = PBXFileReference; lastKnownFileType = sourcecode.swift; path = UserDefaultsProtocol.swift; sourceTree = "<group>"; };
		1141FDA5251B343700748076 /* HTTPMethod.swift */ = {isa = PBXFileReference; lastKnownFileType = sourcecode.swift; path = HTTPMethod.swift; sourceTree = "<group>"; };
		1141FDDF251B4FEE00748076 /* Task.swift */ = {isa = PBXFileReference; lastKnownFileType = sourcecode.swift; path = Task.swift; sourceTree = "<group>"; };
		114D8FD6251B236500D8D113 /* EndpointType.swift */ = {isa = PBXFileReference; lastKnownFileType = sourcecode.swift; path = EndpointType.swift; sourceTree = "<group>"; };
		1161EBB7252588880078C76F /* MobileConsentsSolutionViewModel.swift */ = {isa = PBXFileReference; lastKnownFileType = sourcecode.swift; path = MobileConsentsSolutionViewModel.swift; sourceTree = "<group>"; };
		1161EBBF25258ADD0078C76F /* SolutionDetailsTableViewCell.swift */ = {isa = PBXFileReference; lastKnownFileType = sourcecode.swift; path = SolutionDetailsTableViewCell.swift; sourceTree = "<group>"; };
		1161EBC42525A1700078C76F /* ConsentItemDetailsTableViewCell.swift */ = {isa = PBXFileReference; lastKnownFileType = sourcecode.swift; path = ConsentItemDetailsTableViewCell.swift; sourceTree = "<group>"; };
		1161EBE32525DB840078C76F /* LocalStorageManager.swift */ = {isa = PBXFileReference; lastKnownFileType = sourcecode.swift; path = LocalStorageManager.swift; sourceTree = "<group>"; };
		1161EC44252A17FC0078C76F /* UITableViewCell+Extensions.swift */ = {isa = PBXFileReference; lastKnownFileType = sourcecode.swift; path = "UITableViewCell+Extensions.swift"; sourceTree = "<group>"; };
		1161EC58252B510F0078C76F /* PlatformInformationGenerator.swift */ = {isa = PBXFileReference; lastKnownFileType = sourcecode.swift; path = PlatformInformationGenerator.swift; sourceTree = "<group>"; };
		117BF1362518D2940089C9E9 /* MobileConsentsSDK.framework */ = {isa = PBXFileReference; explicitFileType = wrapper.framework; includeInIndex = 0; path = MobileConsentsSDK.framework; sourceTree = BUILT_PRODUCTS_DIR; };
		117BF1392518D2940089C9E9 /* MobileConsents.h */ = {isa = PBXFileReference; lastKnownFileType = sourcecode.c.h; path = MobileConsents.h; sourceTree = "<group>"; };
		117BF13A2518D2940089C9E9 /* Info.plist */ = {isa = PBXFileReference; lastKnownFileType = text.plist.xml; path = Info.plist; sourceTree = "<group>"; };
		117BF215251A72770089C9E9 /* MobileConsents.swift */ = {isa = PBXFileReference; lastKnownFileType = sourcecode.swift; path = MobileConsents.swift; sourceTree = "<group>"; };
		117BF218251A72D20089C9E9 /* Environment.swift */ = {isa = PBXFileReference; lastKnownFileType = sourcecode.swift; path = Environment.swift; sourceTree = "<group>"; };
		119AFB0225230F9100186CB7 /* MobileConsent.app */ = {isa = PBXFileReference; explicitFileType = wrapper.application; includeInIndex = 0; path = MobileConsent.app; sourceTree = BUILT_PRODUCTS_DIR; };
		119AFB0425230F9100186CB7 /* AppDelegate.swift */ = {isa = PBXFileReference; lastKnownFileType = sourcecode.swift; path = AppDelegate.swift; sourceTree = "<group>"; };
		119AFB0825230F9100186CB7 /* MobileConsentsSolutionViewController.swift */ = {isa = PBXFileReference; lastKnownFileType = sourcecode.swift; path = MobileConsentsSolutionViewController.swift; sourceTree = "<group>"; };
		119AFB0B25230F9100186CB7 /* Base */ = {isa = PBXFileReference; lastKnownFileType = file.storyboard; name = Base; path = Base.lproj/Main.storyboard; sourceTree = "<group>"; };
		119AFB0D25230F9200186CB7 /* Assets.xcassets */ = {isa = PBXFileReference; lastKnownFileType = folder.assetcatalog; path = Assets.xcassets; sourceTree = "<group>"; };
		119AFB1025230F9200186CB7 /* Base */ = {isa = PBXFileReference; lastKnownFileType = file.storyboard; name = Base; path = Base.lproj/LaunchScreen.storyboard; sourceTree = "<group>"; };
		119AFB1225230F9200186CB7 /* Info.plist */ = {isa = PBXFileReference; lastKnownFileType = text.plist.xml; path = Info.plist; sourceTree = "<group>"; };
		119AFB3225232A7100186CB7 /* HTTPURLResponse+Extenions.swift */ = {isa = PBXFileReference; lastKnownFileType = sourcecode.swift; path = "HTTPURLResponse+Extenions.swift"; sourceTree = "<group>"; };
		119AFB45252377B000186CB7 /* Rubik-Light.ttf */ = {isa = PBXFileReference; lastKnownFileType = file; path = "Rubik-Light.ttf"; sourceTree = "<group>"; };
		119AFB46252377B000186CB7 /* Rubik-Medium.ttf */ = {isa = PBXFileReference; lastKnownFileType = file; path = "Rubik-Medium.ttf"; sourceTree = "<group>"; };
		119AFB47252377B000186CB7 /* Rubik-Bold.ttf */ = {isa = PBXFileReference; lastKnownFileType = file; path = "Rubik-Bold.ttf"; sourceTree = "<group>"; };
		119AFB48252377B100186CB7 /* Rubik-Regular.ttf */ = {isa = PBXFileReference; lastKnownFileType = file; path = "Rubik-Regular.ttf"; sourceTree = "<group>"; };
		119AFB632523880A00186CB7 /* Collection+Extensions.swift */ = {isa = PBXFileReference; lastKnownFileType = sourcecode.swift; path = "Collection+Extensions.swift"; sourceTree = "<group>"; };
		11B5182A251C691D00581FF4 /* ParameterEncoding.swift */ = {isa = PBXFileReference; lastKnownFileType = sourcecode.swift; path = ParameterEncoding.swift; sourceTree = "<group>"; };
		11B51830251C69F700581FF4 /* JSONParameterEncoder.swift */ = {isa = PBXFileReference; lastKnownFileType = sourcecode.swift; path = JSONParameterEncoder.swift; sourceTree = "<group>"; };
		11B51839251C6BA700581FF4 /* Provider.swift */ = {isa = PBXFileReference; lastKnownFileType = sourcecode.swift; path = Provider.swift; sourceTree = "<group>"; };
		11B5183F251C6C4E00581FF4 /* NetworkLogger.swift */ = {isa = PBXFileReference; lastKnownFileType = sourcecode.swift; path = NetworkLogger.swift; sourceTree = "<group>"; };
		11B51845251C6E7D00581FF4 /* URLParameterEncoder.swift */ = {isa = PBXFileReference; lastKnownFileType = sourcecode.swift; path = URLParameterEncoder.swift; sourceTree = "<group>"; };
		11B5184A251C710700581FF4 /* APIService.swift */ = {isa = PBXFileReference; lastKnownFileType = sourcecode.swift; path = APIService.swift; sourceTree = "<group>"; };
		11B51851251C728E00581FF4 /* NetworkManager.swift */ = {isa = PBXFileReference; lastKnownFileType = sourcecode.swift; path = NetworkManager.swift; sourceTree = "<group>"; };
		11B51858251C73B400581FF4 /* ConsentItem.swift */ = {isa = PBXFileReference; lastKnownFileType = sourcecode.swift; path = ConsentItem.swift; sourceTree = "<group>"; };
		11B51920251DC95500581FF4 /* ConsentSolution.swift */ = {isa = PBXFileReference; lastKnownFileType = sourcecode.swift; path = ConsentSolution.swift; sourceTree = "<group>"; };
		11B51924251DCA8000581FF4 /* ConsentTranslation.swift */ = {isa = PBXFileReference; lastKnownFileType = sourcecode.swift; path = ConsentTranslation.swift; sourceTree = "<group>"; };
		11B5192A251DEBCE00581FF4 /* Consent.swift */ = {isa = PBXFileReference; lastKnownFileType = sourcecode.swift; path = Consent.swift; sourceTree = "<group>"; };
		11B51942251E19A100581FF4 /* ProcessingPurpose.swift */ = {isa = PBXFileReference; lastKnownFileType = sourcecode.swift; path = ProcessingPurpose.swift; sourceTree = "<group>"; };
		910AF04425D3C3E400D5F2BF /* PrivacyCenterViewController.swift */ = {isa = PBXFileReference; lastKnownFileType = sourcecode.swift; path = PrivacyCenterViewController.swift; sourceTree = "<group>"; };
		910AF05225D3F1B900D5F2BF /* HeaderTableViewCell.swift */ = {isa = PBXFileReference; lastKnownFileType = sourcecode.swift; path = HeaderTableViewCell.swift; sourceTree = "<group>"; };
		910AF05625D3F1D200D5F2BF /* ContentTableViewCell.swift */ = {isa = PBXFileReference; lastKnownFileType = sourcecode.swift; path = ContentTableViewCell.swift; sourceTree = "<group>"; };
		910AF05B25D3FE0E00D5F2BF /* Section.swift */ = {isa = PBXFileReference; lastKnownFileType = sourcecode.swift; path = Section.swift; sourceTree = "<group>"; };
		910AF06125D3FE2F00D5F2BF /* ConsentItemSection.swift */ = {isa = PBXFileReference; lastKnownFileType = sourcecode.swift; path = ConsentItemSection.swift; sourceTree = "<group>"; };
		910AF06525D400C300D5F2BF /* PreferencesSection.swift */ = {isa = PBXFileReference; lastKnownFileType = sourcecode.swift; path = PreferencesSection.swift; sourceTree = "<group>"; };
		910AF06A25D4039B00D5F2BF /* SwitchTableViewCell.swift */ = {isa = PBXFileReference; lastKnownFileType = sourcecode.swift; path = SwitchTableViewCell.swift; sourceTree = "<group>"; };
		9139FE8A25E92E72002FDE43 /* PopUpConsentViewModelTests.swift */ = {isa = PBXFileReference; lastKnownFileType = sourcecode.swift; path = PopUpConsentViewModelTests.swift; sourceTree = "<group>"; };
		9139FE9025E933BE002FDE43 /* PrivacyPopUpViewModelTests.swift */ = {isa = PBXFileReference; lastKnownFileType = sourcecode.swift; path = PrivacyPopUpViewModelTests.swift; sourceTree = "<group>"; };
		913A057A25DE594000571BA3 /* NSAttributedString+FromHTML.swift */ = {isa = PBXFileReference; lastKnownFileType = sourcecode.swift; path = "NSAttributedString+FromHTML.swift"; sourceTree = "<group>"; };
		913A058125DE74FE00571BA3 /* PopUpPresentationController.swift */ = {isa = PBXFileReference; lastKnownFileType = sourcecode.swift; path = PopUpPresentationController.swift; sourceTree = "<group>"; };
		913A058725DE7D3B00571BA3 /* PrivacyPopUpViewController.swift */ = {isa = PBXFileReference; lastKnownFileType = sourcecode.swift; path = PrivacyPopUpViewController.swift; sourceTree = "<group>"; };
		913A058B25DE8ED500571BA3 /* CheckboxTableViewCell.swift */ = {isa = PBXFileReference; lastKnownFileType = sourcecode.swift; path = CheckboxTableViewCell.swift; sourceTree = "<group>"; };
		913A059325DED32D00571BA3 /* PopUpDescriptionTableViewCell.swift */ = {isa = PBXFileReference; lastKnownFileType = sourcecode.swift; path = PopUpDescriptionTableViewCell.swift; sourceTree = "<group>"; };
		914D988C25EADDE500588DF3 /* PushPopModalTransition.swift */ = {isa = PBXFileReference; lastKnownFileType = sourcecode.swift; path = PushPopModalTransition.swift; sourceTree = "<group>"; };
		914D98A225EE28E600588DF3 /* PrivacyCenterViewModelTests.swift */ = {isa = PBXFileReference; lastKnownFileType = sourcecode.swift; path = PrivacyCenterViewModelTests.swift; sourceTree = "<group>"; };
		916293E925D5A925004820C7 /* Rubik-Bold.ttf */ = {isa = PBXFileReference; lastKnownFileType = file; path = "Rubik-Bold.ttf"; sourceTree = "<group>"; };
		916293EA25D5A925004820C7 /* Rubik-Light.ttf */ = {isa = PBXFileReference; lastKnownFileType = file; path = "Rubik-Light.ttf"; sourceTree = "<group>"; };
		916293EB25D5A925004820C7 /* Rubik-Medium.ttf */ = {isa = PBXFileReference; lastKnownFileType = file; path = "Rubik-Medium.ttf"; sourceTree = "<group>"; };
		916293EC25D5A925004820C7 /* Rubik-Regular.ttf */ = {isa = PBXFileReference; lastKnownFileType = file; path = "Rubik-Regular.ttf"; sourceTree = "<group>"; };
		916293F525D5AA94004820C7 /* FontLoader.swift */ = {isa = PBXFileReference; lastKnownFileType = sourcecode.swift; path = FontLoader.swift; sourceTree = "<group>"; };
		9169604F25D9B04C00930302 /* UIImage+Extension.swift */ = {isa = PBXFileReference; lastKnownFileType = sourcecode.swift; path = "UIImage+Extension.swift"; sourceTree = "<group>"; };
		916C540925DA66F1000B7993 /* SubheaderTableViewCell.swift */ = {isa = PBXFileReference; lastKnownFileType = sourcecode.swift; path = SubheaderTableViewCell.swift; sourceTree = "<group>"; };
		916C540D25DA66FC000B7993 /* TitleTableViewCell.swift */ = {isa = PBXFileReference; lastKnownFileType = sourcecode.swift; path = TitleTableViewCell.swift; sourceTree = "<group>"; };
		916C541125DA71B6000B7993 /* UIView+Extension.swift */ = {isa = PBXFileReference; lastKnownFileType = sourcecode.swift; path = "UIView+Extension.swift"; sourceTree = "<group>"; };
		916C541525DA73AA000B7993 /* BaseTableViewCell.swift */ = {isa = PBXFileReference; lastKnownFileType = sourcecode.swift; path = BaseTableViewCell.swift; sourceTree = "<group>"; };
		916C541A25DA7643000B7993 /* PrivacyCenterViewModel.swift */ = {isa = PBXFileReference; lastKnownFileType = sourcecode.swift; path = PrivacyCenterViewModel.swift; sourceTree = "<group>"; };
		916C542025DA7A5B000B7993 /* TemplateTranslation.swift */ = {isa = PBXFileReference; lastKnownFileType = sourcecode.swift; path = TemplateTranslation.swift; sourceTree = "<group>"; };
		916C542425DA8064000B7993 /* TemplateTexts.swift */ = {isa = PBXFileReference; lastKnownFileType = sourcecode.swift; path = TemplateTexts.swift; sourceTree = "<group>"; };
		916C542825DA87A2000B7993 /* Translated.swift */ = {isa = PBXFileReference; lastKnownFileType = sourcecode.swift; path = Translated.swift; sourceTree = "<group>"; };
		916C542C25DA8DD5000B7993 /* DecodingTests.swift */ = {isa = PBXFileReference; lastKnownFileType = sourcecode.swift; path = DecodingTests.swift; sourceTree = "<group>"; };
		916C543825DA8E94000B7993 /* ConsentSolution.json */ = {isa = PBXFileReference; lastKnownFileType = text.json; path = ConsentSolution.json; sourceTree = "<group>"; };
		9171D93A25E65A0A00DF3F96 /* Constants.swift */ = {isa = PBXFileReference; lastKnownFileType = sourcecode.swift; path = Constants.swift; sourceTree = "<group>"; };
		918C4E7425E6DAF800FFA4D9 /* AsyncDispatcher.swift */ = {isa = PBXFileReference; lastKnownFileType = sourcecode.swift; path = AsyncDispatcher.swift; sourceTree = "<group>"; };
		918C4E7E25E78DEF00FFA4D9 /* GradientContainer.swift */ = {isa = PBXFileReference; lastKnownFileType = sourcecode.swift; path = GradientContainer.swift; sourceTree = "<group>"; };
		919FB57525E4ED79000CE411 /* PopUpButtonViewModel.swift */ = {isa = PBXFileReference; lastKnownFileType = sourcecode.swift; path = PopUpButtonViewModel.swift; sourceTree = "<group>"; };
		919FB57D25E4EDC0000CE411 /* ButtonStateProvider.swift */ = {isa = PBXFileReference; lastKnownFileType = sourcecode.swift; path = ButtonStateProvider.swift; sourceTree = "<group>"; };
		91AE8B0F25F21DD1002384F0 /* UIWindow+Extension.swift */ = {isa = PBXFileReference; lastKnownFileType = sourcecode.swift; path = "UIWindow+Extension.swift"; sourceTree = "<group>"; };
		91AE8B1925F24BC6002384F0 /* UIViewController+Extension.swift */ = {isa = PBXFileReference; lastKnownFileType = sourcecode.swift; path = "UIViewController+Extension.swift"; sourceTree = "<group>"; };
		91AE8B1D25F24C49002384F0 /* MobileConsentsMock.swift */ = {isa = PBXFileReference; lastKnownFileType = sourcecode.swift; path = MobileConsentsMock.swift; sourceTree = "<group>"; };
		91AE8B3525F62929002384F0 /* en */ = {isa = PBXFileReference; lastKnownFileType = text.plist.strings; name = en; path = en.lproj/Localizable.strings; sourceTree = "<group>"; };
		91B780A925DFBE8100B78B38 /* PopUpDescriptionSection.swift */ = {isa = PBXFileReference; lastKnownFileType = sourcecode.swift; path = PopUpDescriptionSection.swift; sourceTree = "<group>"; };
		91B780AD25DFBEC500B78B38 /* PopUpConsentsSection.swift */ = {isa = PBXFileReference; lastKnownFileType = sourcecode.swift; path = PopUpConsentsSection.swift; sourceTree = "<group>"; };
		91B780B525DFC14100B78B38 /* PopUpButtonsView.swift */ = {isa = PBXFileReference; lastKnownFileType = sourcecode.swift; path = PopUpButtonsView.swift; sourceTree = "<group>"; };
		91B780C125DFC83C00B78B38 /* PopUpTitleView.swift */ = {isa = PBXFileReference; lastKnownFileType = sourcecode.swift; path = PopUpTitleView.swift; sourceTree = "<group>"; };
		91B780C525DFD0D000B78B38 /* PrivacyPopUpViewModel.swift */ = {isa = PBXFileReference; lastKnownFileType = sourcecode.swift; path = PrivacyPopUpViewModel.swift; sourceTree = "<group>"; };
		91B780D325E0387600B78B38 /* Router.swift */ = {isa = PBXFileReference; lastKnownFileType = sourcecode.swift; path = Router.swift; sourceTree = "<group>"; };
		91B83B4B25E90F81006973E7 /* ConsentSolutionManagerTests.swift */ = {isa = PBXFileReference; lastKnownFileType = sourcecode.swift; path = ConsentSolutionManagerTests.swift; sourceTree = "<group>"; };
		91CD980C25D6B881001CAC83 /* HTMLTextView.swift */ = {isa = PBXFileReference; lastKnownFileType = sourcecode.swift; path = HTMLTextView.swift; sourceTree = "<group>"; };
		91CD981225D6BB3E001CAC83 /* Rubik-BoldItalic.ttf */ = {isa = PBXFileReference; lastKnownFileType = file; path = "Rubik-BoldItalic.ttf"; sourceTree = "<group>"; };
		91CD981325D6BB3E001CAC83 /* Rubik-MediumItalic.ttf */ = {isa = PBXFileReference; lastKnownFileType = file; path = "Rubik-MediumItalic.ttf"; sourceTree = "<group>"; };
		91CD981425D6BB3E001CAC83 /* Rubik-LightItalic.ttf */ = {isa = PBXFileReference; lastKnownFileType = file; path = "Rubik-LightItalic.ttf"; sourceTree = "<group>"; };
		91CD981525D6BB3E001CAC83 /* Rubik-Italic.ttf */ = {isa = PBXFileReference; lastKnownFileType = file; path = "Rubik-Italic.ttf"; sourceTree = "<group>"; };
		91CD981D25D85FFA001CAC83 /* UIColor+Extension.swift */ = {isa = PBXFileReference; lastKnownFileType = sourcecode.swift; path = "UIColor+Extension.swift"; sourceTree = "<group>"; };
		91CD982325D861E5001CAC83 /* Assets.xcassets */ = {isa = PBXFileReference; lastKnownFileType = folder.assetcatalog; path = Assets.xcassets; sourceTree = "<group>"; };
		91CD982725D86257001CAC83 /* UIFont+Extension.swift */ = {isa = PBXFileReference; lastKnownFileType = sourcecode.swift; path = "UIFont+Extension.swift"; sourceTree = "<group>"; };
		91CD982B25D97405001CAC83 /* UITableView+Reusable.swift */ = {isa = PBXFileReference; lastKnownFileType = sourcecode.swift; path = "UITableView+Reusable.swift"; sourceTree = "<group>"; };
		91DDCCB025E3ABF30091352A /* StyleConstants.swift */ = {isa = PBXFileReference; lastKnownFileType = sourcecode.swift; path = StyleConstants.swift; sourceTree = "<group>"; };
		91DDCCBA25E3B96F0091352A /* ConsentSolutionManager.swift */ = {isa = PBXFileReference; lastKnownFileType = sourcecode.swift; path = ConsentSolutionManager.swift; sourceTree = "<group>"; };
		9B8E95B42519C8AF001DF8BD /* MobileConsentsSDKTests.xctest */ = {isa = PBXFileReference; explicitFileType = wrapper.cfbundle; includeInIndex = 0; path = MobileConsentsSDKTests.xctest; sourceTree = BUILT_PRODUCTS_DIR; };
/* End PBXFileReference section */

/* Begin PBXFrameworksBuildPhase section */
		117BF1332518D2940089C9E9 /* Frameworks */ = {
			isa = PBXFrameworksBuildPhase;
			buildActionMask = 2147483647;
			files = (
			);
			runOnlyForDeploymentPostprocessing = 0;
		};
		119AFAFF25230F9100186CB7 /* Frameworks */ = {
			isa = PBXFrameworksBuildPhase;
			buildActionMask = 2147483647;
			files = (
				9B015048252C63AD00FE97A8 /* MobileConsentsSDK.framework in Frameworks */,
			);
			runOnlyForDeploymentPostprocessing = 0;
		};
		9B8E95B12519C8AF001DF8BD /* Frameworks */ = {
			isa = PBXFrameworksBuildPhase;
			buildActionMask = 2147483647;
			files = (
				9B8E95B92519C8B0001DF8BD /* MobileConsentsSDK.framework in Frameworks */,
			);
			runOnlyForDeploymentPostprocessing = 0;
		};
/* End PBXFrameworksBuildPhase section */

/* Begin PBXGroup section */
		1116CC0F252EED4F0080E01E /* SavedData */ = {
			isa = PBXGroup;
			children = (
				1116CC10252EED6D0080E01E /* SavedDataViewController.swift */,
				1116CC1B252EEFA60080E01E /* SavedItemTableViewCell.swift */,
			);
			path = SavedData;
			sourceTree = "<group>";
		};
		11181175252DA901007918FE /* Components */ = {
			isa = PBXGroup;
			children = (
				1118117A252DAA4E007918FE /* MobileConsentError.swift */,
				11181176252DA91A007918FE /* BaseViewController.swift */,
			);
			path = Components;
			sourceTree = "<group>";
		};
		112C42ED2535B02D004E115A /* Mock */ = {
			isa = PBXGroup;
			children = (
				112C42EE2535B044004E115A /* MockedUserDefaults.swift */,
			);
			path = Mock;
			sourceTree = "<group>";
		};
		1161EBE22525DB700078C76F /* LocalStorage */ = {
			isa = PBXGroup;
			children = (
				1161EBE32525DB840078C76F /* LocalStorageManager.swift */,
				112C42FB2535C65C004E115A /* UserDefaultsProtocol.swift */,
			);
			path = LocalStorage;
			sourceTree = "<group>";
		};
		117BF12C2518D2940089C9E9 = {
			isa = PBXGroup;
			children = (
				117BF1382518D2940089C9E9 /* MobileConsents */,
				9B8E95B52519C8B0001DF8BD /* MobileConsentsTests */,
				119AFB0325230F9100186CB7 /* Example */,
				117BF1372518D2940089C9E9 /* Products */,
				119AFB1925230F9F00186CB7 /* Frameworks */,
			);
			sourceTree = "<group>";
		};
		117BF1372518D2940089C9E9 /* Products */ = {
			isa = PBXGroup;
			children = (
				117BF1362518D2940089C9E9 /* MobileConsentsSDK.framework */,
				9B8E95B42519C8AF001DF8BD /* MobileConsentsSDKTests.xctest */,
				119AFB0225230F9100186CB7 /* MobileConsent.app */,
			);
			name = Products;
			sourceTree = "<group>";
		};
		117BF1382518D2940089C9E9 /* MobileConsents */ = {
			isa = PBXGroup;
			children = (
				910AF04325D3C3B000D5F2BF /* UI */,
				117BF215251A72770089C9E9 /* MobileConsents.swift */,
				11B51857251C73A200581FF4 /* Models */,
				1161EBE22525DB700078C76F /* LocalStorage */,
				117BF21B251A784D0089C9E9 /* Networking */,
				117BF21A251A73330089C9E9 /* Configuration */,
				119AFB3125232A5700186CB7 /* Extensions */,
				117BF217251A72820089C9E9 /* Resources */,
				117BF214251A72450089C9E9 /* SupportingFiles */,
			);
			path = MobileConsents;
			sourceTree = "<group>";
		};
		117BF214251A72450089C9E9 /* SupportingFiles */ = {
			isa = PBXGroup;
			children = (
				117BF1392518D2940089C9E9 /* MobileConsents.h */,
				117BF13A2518D2940089C9E9 /* Info.plist */,
			);
			path = SupportingFiles;
			sourceTree = "<group>";
		};
		117BF217251A72820089C9E9 /* Resources */ = {
			isa = PBXGroup;
			children = (
				916293E825D5A925004820C7 /* Fonts */,
				91CD982325D861E5001CAC83 /* Assets.xcassets */,
				91AE8B3625F62929002384F0 /* Localizable.strings */,
			);
			path = Resources;
			sourceTree = "<group>";
		};
		117BF21A251A73330089C9E9 /* Configuration */ = {
			isa = PBXGroup;
			children = (
				117BF218251A72D20089C9E9 /* Environment.swift */,
			);
			path = Configuration;
			sourceTree = "<group>";
		};
		117BF21B251A784D0089C9E9 /* Networking */ = {
			isa = PBXGroup;
			children = (
				11B51850251C727D00581FF4 /* Manager */,
				11B51849251C70F100581FF4 /* API */,
				11B5182F251C69D400581FF4 /* Encoding */,
				11B51838251C6B9400581FF4 /* Network */,
			);
			path = Networking;
			sourceTree = "<group>";
		};
		119AFB0325230F9100186CB7 /* Example */ = {
			isa = PBXGroup;
			children = (
				119AFB0425230F9100186CB7 /* AppDelegate.swift */,
				1116CC0F252EED4F0080E01E /* SavedData */,
				11181175252DA901007918FE /* Components */,
				119AFB5F2523871F00186CB7 /* MobileContentSolution */,
				119AFB502523785600186CB7 /* Cells */,
				119AFB432523778000186CB7 /* Resources */,
				119AFB682523881400186CB7 /* Extensions */,
				119AFB1225230F9200186CB7 /* Info.plist */,
			);
			path = Example;
			sourceTree = "<group>";
		};
		119AFB1925230F9F00186CB7 /* Frameworks */ = {
			isa = PBXGroup;
			children = (
			);
			name = Frameworks;
			sourceTree = "<group>";
		};
		119AFB3125232A5700186CB7 /* Extensions */ = {
			isa = PBXGroup;
			children = (
				119AFB3225232A7100186CB7 /* HTTPURLResponse+Extenions.swift */,
				111C7CD4252C96D200E93EE2 /* ISO8601DateFormatter+Extensions.swift */,
				111C7CE0252C972900E93EE2 /* Formatter+Extensions.swift */,
				111C7CDA252C970100E93EE2 /* Date+Extensions.swift */,
				111C7CE6252C976600E93EE2 /* String+Extensions.swift */,
				112C42F42535C60B004E115A /* UserDefaults+Extensions.swift */,
			);
			path = Extensions;
			sourceTree = "<group>";
		};
		119AFB432523778000186CB7 /* Resources */ = {
			isa = PBXGroup;
			children = (
				119AFB442523778A00186CB7 /* Fonts */,
				119AFB0D25230F9200186CB7 /* Assets.xcassets */,
				119AFB0A25230F9100186CB7 /* Main.storyboard */,
				119AFB0F25230F9200186CB7 /* LaunchScreen.storyboard */,
			);
			path = Resources;
			sourceTree = "<group>";
		};
		119AFB442523778A00186CB7 /* Fonts */ = {
			isa = PBXGroup;
			children = (
				119AFB47252377B000186CB7 /* Rubik-Bold.ttf */,
				119AFB45252377B000186CB7 /* Rubik-Light.ttf */,
				119AFB46252377B000186CB7 /* Rubik-Medium.ttf */,
				119AFB48252377B100186CB7 /* Rubik-Regular.ttf */,
			);
			path = Fonts;
			sourceTree = "<group>";
		};
		119AFB502523785600186CB7 /* Cells */ = {
			isa = PBXGroup;
			children = (
				1161EBBF25258ADD0078C76F /* SolutionDetailsTableViewCell.swift */,
				1161EBC42525A1700078C76F /* ConsentItemDetailsTableViewCell.swift */,
			);
			path = Cells;
			sourceTree = "<group>";
		};
		119AFB5F2523871F00186CB7 /* MobileContentSolution */ = {
			isa = PBXGroup;
			children = (
				1161EBB7252588880078C76F /* MobileConsentsSolutionViewModel.swift */,
				119AFB0825230F9100186CB7 /* MobileConsentsSolutionViewController.swift */,
			);
			path = MobileContentSolution;
			sourceTree = "<group>";
		};
		119AFB682523881400186CB7 /* Extensions */ = {
			isa = PBXGroup;
			children = (
				119AFB632523880A00186CB7 /* Collection+Extensions.swift */,
				1161EC44252A17FC0078C76F /* UITableViewCell+Extensions.swift */,
				11181158252D9AE0007918FE /* UIButton+Extensions.swift */,
			);
			path = Extensions;
			sourceTree = "<group>";
		};
		11B5182F251C69D400581FF4 /* Encoding */ = {
			isa = PBXGroup;
			children = (
				11B5182A251C691D00581FF4 /* ParameterEncoding.swift */,
				11B51830251C69F700581FF4 /* JSONParameterEncoder.swift */,
				11B51845251C6E7D00581FF4 /* URLParameterEncoder.swift */,
			);
			path = Encoding;
			sourceTree = "<group>";
		};
		11B51838251C6B9400581FF4 /* Network */ = {
			isa = PBXGroup;
			children = (
				1161EC58252B510F0078C76F /* PlatformInformationGenerator.swift */,
				114D8FD6251B236500D8D113 /* EndpointType.swift */,
				1141FDA5251B343700748076 /* HTTPMethod.swift */,
				1141FDDF251B4FEE00748076 /* Task.swift */,
				11B51839251C6BA700581FF4 /* Provider.swift */,
				11B5183F251C6C4E00581FF4 /* NetworkLogger.swift */,
				112C427825348FC2004E115A /* APIError.swift */,
			);
			path = Network;
			sourceTree = "<group>";
		};
		11B51849251C70F100581FF4 /* API */ = {
			isa = PBXGroup;
			children = (
				11B5184A251C710700581FF4 /* APIService.swift */,
			);
			path = API;
			sourceTree = "<group>";
		};
		11B51850251C727D00581FF4 /* Manager */ = {
			isa = PBXGroup;
			children = (
				11B51851251C728E00581FF4 /* NetworkManager.swift */,
			);
			path = Manager;
			sourceTree = "<group>";
		};
		11B51857251C73A200581FF4 /* Models */ = {
			isa = PBXGroup;
			children = (
				11B51858251C73B400581FF4 /* ConsentItem.swift */,
				11B51920251DC95500581FF4 /* ConsentSolution.swift */,
				11B51924251DCA8000581FF4 /* ConsentTranslation.swift */,
				11B5192A251DEBCE00581FF4 /* Consent.swift */,
				11B51942251E19A100581FF4 /* ProcessingPurpose.swift */,
				1116CC1F252EF3C60080E01E /* SavedConsent.swift */,
				916C542025DA7A5B000B7993 /* TemplateTranslation.swift */,
				916C542425DA8064000B7993 /* TemplateTexts.swift */,
				916C542825DA87A2000B7993 /* Translated.swift */,
			);
			path = Models;
			sourceTree = "<group>";
		};
		910AF04325D3C3B000D5F2BF /* UI */ = {
			isa = PBXGroup;
			children = (
				918C4E7325E6DAEB00FFA4D9 /* Utils */,
				913A058025DE718E00571BA3 /* PopUp */,
				91CD983725D97872001CAC83 /* PrivacyCenter */,
				91CD981C25D85FEB001CAC83 /* Extensions */,
				91CD980B25D6B86C001CAC83 /* Views */,
				910AF06925D4038E00D5F2BF /* Cells */,
				916293F525D5AA94004820C7 /* FontLoader.swift */,
				91B780D325E0387600B78B38 /* Router.swift */,
				91DDCCB025E3ABF30091352A /* StyleConstants.swift */,
				91DDCCBA25E3B96F0091352A /* ConsentSolutionManager.swift */,
				9171D93A25E65A0A00DF3F96 /* Constants.swift */,
				91AE8B1D25F24C49002384F0 /* MobileConsentsMock.swift */,
			);
			path = UI;
			sourceTree = "<group>";
		};
		910AF05A25D3FE0700D5F2BF /* Sections */ = {
			isa = PBXGroup;
			children = (
				910AF05B25D3FE0E00D5F2BF /* Section.swift */,
				910AF06125D3FE2F00D5F2BF /* ConsentItemSection.swift */,
				910AF06525D400C300D5F2BF /* PreferencesSection.swift */,
			);
			path = Sections;
			sourceTree = "<group>";
		};
		910AF06925D4038E00D5F2BF /* Cells */ = {
			isa = PBXGroup;
			children = (
				910AF05225D3F1B900D5F2BF /* HeaderTableViewCell.swift */,
				910AF05625D3F1D200D5F2BF /* ContentTableViewCell.swift */,
				910AF06A25D4039B00D5F2BF /* SwitchTableViewCell.swift */,
				916C540925DA66F1000B7993 /* SubheaderTableViewCell.swift */,
				916C540D25DA66FC000B7993 /* TitleTableViewCell.swift */,
				916C541525DA73AA000B7993 /* BaseTableViewCell.swift */,
				913A058B25DE8ED500571BA3 /* CheckboxTableViewCell.swift */,
				913A059325DED32D00571BA3 /* PopUpDescriptionTableViewCell.swift */,
			);
			path = Cells;
			sourceTree = "<group>";
		};
		9139FE8825E92E29002FDE43 /* UI */ = {
			isa = PBXGroup;
			children = (
				9139FE8A25E92E72002FDE43 /* PopUpConsentViewModelTests.swift */,
				9139FE9025E933BE002FDE43 /* PrivacyPopUpViewModelTests.swift */,
				914D98A225EE28E600588DF3 /* PrivacyCenterViewModelTests.swift */,
			);
			path = UI;
			sourceTree = "<group>";
		};
		913A058025DE718E00571BA3 /* PopUp */ = {
			isa = PBXGroup;
			children = (
				919FB57425E4ED69000CE411 /* PopUpButtonsView */,
				91B780A425DFBCE600B78B38 /* Sections */,
				913A058125DE74FE00571BA3 /* PopUpPresentationController.swift */,
				913A058725DE7D3B00571BA3 /* PrivacyPopUpViewController.swift */,
				91B780C125DFC83C00B78B38 /* PopUpTitleView.swift */,
				91B780C525DFD0D000B78B38 /* PrivacyPopUpViewModel.swift */,
			);
			path = PopUp;
			sourceTree = "<group>";
		};
		916293E825D5A925004820C7 /* Fonts */ = {
			isa = PBXGroup;
			children = (
				91CD981225D6BB3E001CAC83 /* Rubik-BoldItalic.ttf */,
				91CD981525D6BB3E001CAC83 /* Rubik-Italic.ttf */,
				91CD981425D6BB3E001CAC83 /* Rubik-LightItalic.ttf */,
				91CD981325D6BB3E001CAC83 /* Rubik-MediumItalic.ttf */,
				916293E925D5A925004820C7 /* Rubik-Bold.ttf */,
				916293EA25D5A925004820C7 /* Rubik-Light.ttf */,
				916293EB25D5A925004820C7 /* Rubik-Medium.ttf */,
				916293EC25D5A925004820C7 /* Rubik-Regular.ttf */,
			);
			path = Fonts;
			sourceTree = "<group>";
		};
		916C543725DA8E79000B7993 /* Resources */ = {
			isa = PBXGroup;
			children = (
				916C543825DA8E94000B7993 /* ConsentSolution.json */,
			);
			path = Resources;
			sourceTree = "<group>";
		};
		918C4E7325E6DAEB00FFA4D9 /* Utils */ = {
			isa = PBXGroup;
			children = (
				918C4E7425E6DAF800FFA4D9 /* AsyncDispatcher.swift */,
			);
			path = Utils;
			sourceTree = "<group>";
		};
		919FB57425E4ED69000CE411 /* PopUpButtonsView */ = {
			isa = PBXGroup;
			children = (
				91B780B525DFC14100B78B38 /* PopUpButtonsView.swift */,
				919FB57525E4ED79000CE411 /* PopUpButtonViewModel.swift */,
				919FB57D25E4EDC0000CE411 /* ButtonStateProvider.swift */,
			);
			path = PopUpButtonsView;
			sourceTree = "<group>";
		};
		91B780A425DFBCE600B78B38 /* Sections */ = {
			isa = PBXGroup;
			children = (
				91B780A925DFBE8100B78B38 /* PopUpDescriptionSection.swift */,
				91B780AD25DFBEC500B78B38 /* PopUpConsentsSection.swift */,
			);
			path = Sections;
			sourceTree = "<group>";
		};
		91CD980B25D6B86C001CAC83 /* Views */ = {
			isa = PBXGroup;
			children = (
				91CD980C25D6B881001CAC83 /* HTMLTextView.swift */,
				918C4E7E25E78DEF00FFA4D9 /* GradientContainer.swift */,
			);
			path = Views;
			sourceTree = "<group>";
		};
		91CD981C25D85FEB001CAC83 /* Extensions */ = {
			isa = PBXGroup;
			children = (
				9169604F25D9B04C00930302 /* UIImage+Extension.swift */,
				91CD981D25D85FFA001CAC83 /* UIColor+Extension.swift */,
				91CD982725D86257001CAC83 /* UIFont+Extension.swift */,
				91CD982B25D97405001CAC83 /* UITableView+Reusable.swift */,
				916C541125DA71B6000B7993 /* UIView+Extension.swift */,
				913A057A25DE594000571BA3 /* NSAttributedString+FromHTML.swift */,
				91AE8B0F25F21DD1002384F0 /* UIWindow+Extension.swift */,
				91AE8B1925F24BC6002384F0 /* UIViewController+Extension.swift */,
			);
			path = Extensions;
			sourceTree = "<group>";
		};
		91CD983725D97872001CAC83 /* PrivacyCenter */ = {
			isa = PBXGroup;
			children = (
				910AF05A25D3FE0700D5F2BF /* Sections */,
				910AF04425D3C3E400D5F2BF /* PrivacyCenterViewController.swift */,
				916C541A25DA7643000B7993 /* PrivacyCenterViewModel.swift */,
				914D988C25EADDE500588DF3 /* PushPopModalTransition.swift */,
			);
			path = PrivacyCenter;
			sourceTree = "<group>";
		};
		9B8E95B52519C8B0001DF8BD /* MobileConsentsTests */ = {
			isa = PBXGroup;
			children = (
				9139FE8825E92E29002FDE43 /* UI */,
				916C543725DA8E79000B7993 /* Resources */,
				112C42ED2535B02D004E115A /* Mock */,
				111C7CC4252C522100E93EE2 /* ConsentTests.swift */,
				1116CB93252DFF4E0080E01E /* LocalStorageManagerTests.swift */,
				916C542C25DA8DD5000B7993 /* DecodingTests.swift */,
				91B83B4B25E90F81006973E7 /* ConsentSolutionManagerTests.swift */,
			);
			path = MobileConsentsTests;
			sourceTree = "<group>";
		};
/* End PBXGroup section */

/* Begin PBXHeadersBuildPhase section */
		117BF1312518D2940089C9E9 /* Headers */ = {
			isa = PBXHeadersBuildPhase;
			buildActionMask = 2147483647;
			files = (
				117BF13B2518D2940089C9E9 /* MobileConsents.h in Headers */,
			);
			runOnlyForDeploymentPostprocessing = 0;
		};
/* End PBXHeadersBuildPhase section */

/* Begin PBXNativeTarget section */
		117BF1352518D2940089C9E9 /* MobileConsentsSDK */ = {
			isa = PBXNativeTarget;
			buildConfigurationList = 117BF13E2518D2940089C9E9 /* Build configuration list for PBXNativeTarget "MobileConsentsSDK" */;
			buildPhases = (
				117BF1312518D2940089C9E9 /* Headers */,
				117BF1322518D2940089C9E9 /* Sources */,
				117BF1332518D2940089C9E9 /* Frameworks */,
				117BF1342518D2940089C9E9 /* Resources */,
				11B5185E251C895500581FF4 /* ShellScript */,
			);
			buildRules = (
			);
			dependencies = (
			);
			name = MobileConsentsSDK;
			productName = MobileConsents;
			productReference = 117BF1362518D2940089C9E9 /* MobileConsentsSDK.framework */;
			productType = "com.apple.product-type.framework";
		};
		119AFB0125230F9100186CB7 /* MobileConsent */ = {
			isa = PBXNativeTarget;
			buildConfigurationList = 119AFB1525230F9200186CB7 /* Build configuration list for PBXNativeTarget "MobileConsent" */;
			buildPhases = (
				119AFAFE25230F9100186CB7 /* Sources */,
				119AFAFF25230F9100186CB7 /* Frameworks */,
				119AFB0025230F9100186CB7 /* Resources */,
				9B01504A252C63AD00FE97A8 /* Embed Frameworks */,
			);
			buildRules = (
			);
			dependencies = (
				119AFB1D25230F9F00186CB7 /* PBXTargetDependency */,
			);
			name = MobileConsent;
			productName = Example;
			productReference = 119AFB0225230F9100186CB7 /* MobileConsent.app */;
			productType = "com.apple.product-type.application";
		};
		9B8E95B32519C8AF001DF8BD /* MobileConsentsSDKTests */ = {
			isa = PBXNativeTarget;
			buildConfigurationList = 9B8E95BE2519C8B0001DF8BD /* Build configuration list for PBXNativeTarget "MobileConsentsSDKTests" */;
			buildPhases = (
				9B8E95B02519C8AF001DF8BD /* Sources */,
				9B8E95B12519C8AF001DF8BD /* Frameworks */,
				9B8E95B22519C8AF001DF8BD /* Resources */,
			);
			buildRules = (
			);
			dependencies = (
				9B8E95BB2519C8B0001DF8BD /* PBXTargetDependency */,
			);
			name = MobileConsentsSDKTests;
			productName = MobileConsentsTests;
			productReference = 9B8E95B42519C8AF001DF8BD /* MobileConsentsSDKTests.xctest */;
			productType = "com.apple.product-type.bundle.unit-test";
		};
/* End PBXNativeTarget section */

/* Begin PBXProject section */
		117BF12D2518D2940089C9E9 /* Project object */ = {
			isa = PBXProject;
			attributes = {
				LastSwiftUpdateCheck = 1200;
				LastUpgradeCheck = 1200;
				ORGANIZATIONNAME = ClearCode;
				TargetAttributes = {
					117BF1352518D2940089C9E9 = {
						CreatedOnToolsVersion = 11.7;
						LastSwiftMigration = 1170;
					};
					119AFB0125230F9100186CB7 = {
						CreatedOnToolsVersion = 12.0.1;
					};
					9B8E95B32519C8AF001DF8BD = {
						CreatedOnToolsVersion = 11.7;
					};
				};
			};
			buildConfigurationList = 117BF1302518D2940089C9E9 /* Build configuration list for PBXProject "MobileConsentsSDK" */;
			compatibilityVersion = "Xcode 9.3";
			developmentRegion = en;
			hasScannedForEncodings = 0;
			knownRegions = (
				en,
				Base,
			);
			mainGroup = 117BF12C2518D2940089C9E9;
			productRefGroup = 117BF1372518D2940089C9E9 /* Products */;
			projectDirPath = "";
			projectRoot = "";
			targets = (
				117BF1352518D2940089C9E9 /* MobileConsentsSDK */,
				9B8E95B32519C8AF001DF8BD /* MobileConsentsSDKTests */,
				119AFB0125230F9100186CB7 /* MobileConsent */,
			);
		};
/* End PBXProject section */

/* Begin PBXResourcesBuildPhase section */
		117BF1342518D2940089C9E9 /* Resources */ = {
			isa = PBXResourcesBuildPhase;
			buildActionMask = 2147483647;
			files = (
				91CD981625D6BB3E001CAC83 /* Rubik-BoldItalic.ttf in Resources */,
				91CD981725D6BB3E001CAC83 /* Rubik-MediumItalic.ttf in Resources */,
				91CD981825D6BB3E001CAC83 /* Rubik-LightItalic.ttf in Resources */,
				916293EF25D5A925004820C7 /* Rubik-Medium.ttf in Resources */,
				91CD981925D6BB3E001CAC83 /* Rubik-Italic.ttf in Resources */,
				91AE8B3425F62929002384F0 /* Localizable.strings in Resources */,
				916293F025D5A925004820C7 /* Rubik-Regular.ttf in Resources */,
				916293ED25D5A925004820C7 /* Rubik-Bold.ttf in Resources */,
				91CD982425D861E5001CAC83 /* Assets.xcassets in Resources */,
				916293EE25D5A925004820C7 /* Rubik-Light.ttf in Resources */,
			);
			runOnlyForDeploymentPostprocessing = 0;
		};
		119AFB0025230F9100186CB7 /* Resources */ = {
			isa = PBXResourcesBuildPhase;
			buildActionMask = 2147483647;
			files = (
				119AFB1125230F9200186CB7 /* LaunchScreen.storyboard in Resources */,
				119AFB4C252377B100186CB7 /* Rubik-Regular.ttf in Resources */,
				119AFB4B252377B100186CB7 /* Rubik-Bold.ttf in Resources */,
				119AFB49252377B100186CB7 /* Rubik-Light.ttf in Resources */,
				119AFB0E25230F9200186CB7 /* Assets.xcassets in Resources */,
				119AFB0C25230F9100186CB7 /* Main.storyboard in Resources */,
				119AFB4A252377B100186CB7 /* Rubik-Medium.ttf in Resources */,
			);
			runOnlyForDeploymentPostprocessing = 0;
		};
		9B8E95B22519C8AF001DF8BD /* Resources */ = {
			isa = PBXResourcesBuildPhase;
			buildActionMask = 2147483647;
			files = (
				916C543E25DA8E97000B7993 /* ConsentSolution.json in Resources */,
			);
			runOnlyForDeploymentPostprocessing = 0;
		};
/* End PBXResourcesBuildPhase section */

/* Begin PBXShellScriptBuildPhase section */
		11B5185E251C895500581FF4 /* ShellScript */ = {
			isa = PBXShellScriptBuildPhase;
			buildActionMask = 2147483647;
			files = (
			);
			inputFileListPaths = (
			);
			inputPaths = (
			);
			outputFileListPaths = (
			);
			outputPaths = (
			);
			runOnlyForDeploymentPostprocessing = 0;
			shellPath = /bin/sh;
			shellScript = "if which swiftlint >/dev/null; then\n  swiftlint\nelse\n  echo \"warning: SwiftLint not installed, download from https://github.com/realm/SwiftLint\"\nfi\n";
		};
/* End PBXShellScriptBuildPhase section */

/* Begin PBXSourcesBuildPhase section */
		117BF1322518D2940089C9E9 /* Sources */ = {
			isa = PBXSourcesBuildPhase;
			buildActionMask = 2147483647;
			files = (
				9172AD8125DBB86C00CB0FFC /* ConsentSolution.swift in Sources */,
				91CD982825D86257001CAC83 /* UIFont+Extension.swift in Sources */,
				916C540A25DA66F1000B7993 /* SubheaderTableViewCell.swift in Sources */,
				91AE8B1025F21DD1002384F0 /* UIWindow+Extension.swift in Sources */,
				913A058C25DE8ED500571BA3 /* CheckboxTableViewCell.swift in Sources */,
				916C541B25DA7643000B7993 /* PrivacyCenterViewModel.swift in Sources */,
				11B5182B251C691D00581FF4 /* ParameterEncoding.swift in Sources */,
				916C542525DA8064000B7993 /* TemplateTexts.swift in Sources */,
				112C42F52535C60B004E115A /* UserDefaults+Extensions.swift in Sources */,
				11B51852251C728E00581FF4 /* NetworkManager.swift in Sources */,
				913A058825DE7D3B00571BA3 /* PrivacyPopUpViewController.swift in Sources */,
				910AF06B25D4039B00D5F2BF /* SwitchTableViewCell.swift in Sources */,
				918C4E7525E6DAF800FFA4D9 /* AsyncDispatcher.swift in Sources */,
				111C7CDB252C970100E93EE2 /* Date+Extensions.swift in Sources */,
				11B5192B251DEBCE00581FF4 /* Consent.swift in Sources */,
				916C541225DA71B6000B7993 /* UIView+Extension.swift in Sources */,
				111C7CE7252C976600E93EE2 /* String+Extensions.swift in Sources */,
				1141FDA6251B343700748076 /* HTTPMethod.swift in Sources */,
				91AE8B1A25F24BC6002384F0 /* UIViewController+Extension.swift in Sources */,
				919FB57625E4ED79000CE411 /* PopUpButtonViewModel.swift in Sources */,
				913A057B25DE594000571BA3 /* NSAttributedString+FromHTML.swift in Sources */,
				9172AD7E25DBB84100CB0FFC /* ProcessingPurpose.swift in Sources */,
				112C42FC2535C65C004E115A /* UserDefaultsProtocol.swift in Sources */,
				9171D94025E65A5B00DF3F96 /* Constants.swift in Sources */,
				117BF216251A72770089C9E9 /* MobileConsents.swift in Sources */,
				91DDCCBB25E3B96F0091352A /* ConsentSolutionManager.swift in Sources */,
				91CD981E25D85FFA001CAC83 /* UIColor+Extension.swift in Sources */,
				913A058225DE74FE00571BA3 /* PopUpPresentationController.swift in Sources */,
				111C7CE1252C972900E93EE2 /* Formatter+Extensions.swift in Sources */,
				916C542125DA7A5B000B7993 /* TemplateTranslation.swift in Sources */,
				913A059425DED32D00571BA3 /* PopUpDescriptionTableViewCell.swift in Sources */,
				91CD982C25D97405001CAC83 /* UITableView+Reusable.swift in Sources */,
				91AE8B1E25F24C49002384F0 /* MobileConsentsMock.swift in Sources */,
				111C7CD5252C96D200E93EE2 /* ISO8601DateFormatter+Extensions.swift in Sources */,
				9169605025D9B04C00930302 /* UIImage+Extension.swift in Sources */,
				91DDCCB125E3ABF30091352A /* StyleConstants.swift in Sources */,
				11B51925251DCA8000581FF4 /* ConsentTranslation.swift in Sources */,
				91B780AE25DFBEC500B78B38 /* PopUpConsentsSection.swift in Sources */,
				1141FDE0251B4FEE00748076 /* Task.swift in Sources */,
				910AF05325D3F1B900D5F2BF /* HeaderTableViewCell.swift in Sources */,
				916C542925DA87A2000B7993 /* Translated.swift in Sources */,
				914D988D25EADDE500588DF3 /* PushPopModalTransition.swift in Sources */,
				1161EBE42525DB840078C76F /* LocalStorageManager.swift in Sources */,
				916C540E25DA66FC000B7993 /* TitleTableViewCell.swift in Sources */,
				11B5184B251C710700581FF4 /* APIService.swift in Sources */,
				11B51859251C73B400581FF4 /* ConsentItem.swift in Sources */,
				91B780B625DFC14100B78B38 /* PopUpButtonsView.swift in Sources */,
				910AF04525D3C3E400D5F2BF /* PrivacyCenterViewController.swift in Sources */,
				91B780C625DFD0D000B78B38 /* PrivacyPopUpViewModel.swift in Sources */,
				11B5183A251C6BA700581FF4 /* Provider.swift in Sources */,
				91B780AA25DFBE8100B78B38 /* PopUpDescriptionSection.swift in Sources */,
				910AF05725D3F1D200D5F2BF /* ContentTableViewCell.swift in Sources */,
				91B780C225DFC83C00B78B38 /* PopUpTitleView.swift in Sources */,
				119AFB3325232A7100186CB7 /* HTTPURLResponse+Extenions.swift in Sources */,
				910AF05C25D3FE0F00D5F2BF /* Section.swift in Sources */,
				117BF219251A72D20089C9E9 /* Environment.swift in Sources */,
				916293F625D5AA94004820C7 /* FontLoader.swift in Sources */,
				918C4E7F25E78DEF00FFA4D9 /* GradientContainer.swift in Sources */,
				11B51840251C6C4E00581FF4 /* NetworkLogger.swift in Sources */,
				11B51831251C69F700581FF4 /* JSONParameterEncoder.swift in Sources */,
				11B51846251C6E7D00581FF4 /* URLParameterEncoder.swift in Sources */,
				114D8FD7251B236500D8D113 /* EndpointType.swift in Sources */,
				91B780D425E0387600B78B38 /* Router.swift in Sources */,
				91CD980D25D6B881001CAC83 /* HTMLTextView.swift in Sources */,
				916C541625DA73AA000B7993 /* BaseTableViewCell.swift in Sources */,
				1161EC59252B510F0078C76F /* PlatformInformationGenerator.swift in Sources */,
				910AF06225D3FE2F00D5F2BF /* ConsentItemSection.swift in Sources */,
				919FB57E25E4EDC0000CE411 /* ButtonStateProvider.swift in Sources */,
				1116CC20252EF3C60080E01E /* SavedConsent.swift in Sources */,
				910AF06625D400C300D5F2BF /* PreferencesSection.swift in Sources */,
				112C427925348FC2004E115A /* APIError.swift in Sources */,
			);
			runOnlyForDeploymentPostprocessing = 0;
		};
		119AFAFE25230F9100186CB7 /* Sources */ = {
			isa = PBXSourcesBuildPhase;
			buildActionMask = 2147483647;
			files = (
				119AFB0925230F9100186CB7 /* MobileConsentsSolutionViewController.swift in Sources */,
				11181159252D9AE0007918FE /* UIButton+Extensions.swift in Sources */,
				1116CC18252EED740080E01E /* SavedDataViewController.swift in Sources */,
				119AFB642523880A00186CB7 /* Collection+Extensions.swift in Sources */,
				119AFB0525230F9100186CB7 /* AppDelegate.swift in Sources */,
				1161EBC025258ADD0078C76F /* SolutionDetailsTableViewCell.swift in Sources */,
				11181177252DA91A007918FE /* BaseViewController.swift in Sources */,
				1161EC45252A17FC0078C76F /* UITableViewCell+Extensions.swift in Sources */,
				1116CC1C252EEFA60080E01E /* SavedItemTableViewCell.swift in Sources */,
				1118117B252DAA4E007918FE /* MobileConsentError.swift in Sources */,
				1161EBC52525A1700078C76F /* ConsentItemDetailsTableViewCell.swift in Sources */,
				1161EBB8252588880078C76F /* MobileConsentsSolutionViewModel.swift in Sources */,
			);
			runOnlyForDeploymentPostprocessing = 0;
		};
		9B8E95B02519C8AF001DF8BD /* Sources */ = {
			isa = PBXSourcesBuildPhase;
			buildActionMask = 2147483647;
			files = (
				112C42EF2535B044004E115A /* MockedUserDefaults.swift in Sources */,
				111C7CC5252C522100E93EE2 /* ConsentTests.swift in Sources */,
				9139FE8B25E92E72002FDE43 /* PopUpConsentViewModelTests.swift in Sources */,
				1116CB94252DFF4E0080E01E /* LocalStorageManagerTests.swift in Sources */,
				916C543425DA8E44000B7993 /* DecodingTests.swift in Sources */,
				9139FE9125E933BE002FDE43 /* PrivacyPopUpViewModelTests.swift in Sources */,
				914D98A325EE28E600588DF3 /* PrivacyCenterViewModelTests.swift in Sources */,
				91B83B4C25E90F81006973E7 /* ConsentSolutionManagerTests.swift in Sources */,
			);
			runOnlyForDeploymentPostprocessing = 0;
		};
/* End PBXSourcesBuildPhase section */

/* Begin PBXTargetDependency section */
		119AFB1D25230F9F00186CB7 /* PBXTargetDependency */ = {
			isa = PBXTargetDependency;
			target = 117BF1352518D2940089C9E9 /* MobileConsentsSDK */;
			targetProxy = 119AFB1C25230F9F00186CB7 /* PBXContainerItemProxy */;
		};
		9B8E95BB2519C8B0001DF8BD /* PBXTargetDependency */ = {
			isa = PBXTargetDependency;
			target = 117BF1352518D2940089C9E9 /* MobileConsentsSDK */;
			targetProxy = 9B8E95BA2519C8B0001DF8BD /* PBXContainerItemProxy */;
		};
/* End PBXTargetDependency section */

/* Begin PBXVariantGroup section */
		119AFB0A25230F9100186CB7 /* Main.storyboard */ = {
			isa = PBXVariantGroup;
			children = (
				119AFB0B25230F9100186CB7 /* Base */,
			);
			name = Main.storyboard;
			sourceTree = "<group>";
		};
		119AFB0F25230F9200186CB7 /* LaunchScreen.storyboard */ = {
			isa = PBXVariantGroup;
			children = (
				119AFB1025230F9200186CB7 /* Base */,
			);
			name = LaunchScreen.storyboard;
			sourceTree = "<group>";
		};
		91AE8B3625F62929002384F0 /* Localizable.strings */ = {
			isa = PBXVariantGroup;
			children = (
				91AE8B3525F62929002384F0 /* en */,
			);
			name = Localizable.strings;
			sourceTree = "<group>";
		};
/* End PBXVariantGroup section */

/* Begin XCBuildConfiguration section */
		117BF13C2518D2940089C9E9 /* Debug */ = {
			isa = XCBuildConfiguration;
			buildSettings = {
				ALWAYS_SEARCH_USER_PATHS = NO;
				CLANG_ANALYZER_NONNULL = YES;
				CLANG_ANALYZER_NUMBER_OBJECT_CONVERSION = YES_AGGRESSIVE;
				CLANG_CXX_LANGUAGE_STANDARD = "gnu++14";
				CLANG_CXX_LIBRARY = "libc++";
				CLANG_ENABLE_MODULES = YES;
				CLANG_ENABLE_OBJC_ARC = YES;
				CLANG_ENABLE_OBJC_WEAK = YES;
				CLANG_WARN_BLOCK_CAPTURE_AUTORELEASING = YES;
				CLANG_WARN_BOOL_CONVERSION = YES;
				CLANG_WARN_COMMA = YES;
				CLANG_WARN_CONSTANT_CONVERSION = YES;
				CLANG_WARN_DEPRECATED_OBJC_IMPLEMENTATIONS = YES;
				CLANG_WARN_DIRECT_OBJC_ISA_USAGE = YES_ERROR;
				CLANG_WARN_DOCUMENTATION_COMMENTS = YES;
				CLANG_WARN_EMPTY_BODY = YES;
				CLANG_WARN_ENUM_CONVERSION = YES;
				CLANG_WARN_INFINITE_RECURSION = YES;
				CLANG_WARN_INT_CONVERSION = YES;
				CLANG_WARN_NON_LITERAL_NULL_CONVERSION = YES;
				CLANG_WARN_OBJC_IMPLICIT_RETAIN_SELF = YES;
				CLANG_WARN_OBJC_LITERAL_CONVERSION = YES;
				CLANG_WARN_OBJC_ROOT_CLASS = YES_ERROR;
				CLANG_WARN_QUOTED_INCLUDE_IN_FRAMEWORK_HEADER = YES;
				CLANG_WARN_RANGE_LOOP_ANALYSIS = YES;
				CLANG_WARN_STRICT_PROTOTYPES = YES;
				CLANG_WARN_SUSPICIOUS_MOVE = YES;
				CLANG_WARN_UNGUARDED_AVAILABILITY = YES_AGGRESSIVE;
				CLANG_WARN_UNREACHABLE_CODE = YES;
				CLANG_WARN__DUPLICATE_METHOD_MATCH = YES;
				COPY_PHASE_STRIP = NO;
				CURRENT_PROJECT_VERSION = 1;
				DEBUG_INFORMATION_FORMAT = dwarf;
				ENABLE_STRICT_OBJC_MSGSEND = YES;
				ENABLE_TESTABILITY = YES;
				GCC_C_LANGUAGE_STANDARD = gnu11;
				GCC_DYNAMIC_NO_PIC = NO;
				GCC_NO_COMMON_BLOCKS = YES;
				GCC_OPTIMIZATION_LEVEL = 0;
				GCC_PREPROCESSOR_DEFINITIONS = (
					"DEBUG=1",
					"$(inherited)",
				);
				GCC_WARN_64_TO_32_BIT_CONVERSION = YES;
				GCC_WARN_ABOUT_RETURN_TYPE = YES_ERROR;
				GCC_WARN_UNDECLARED_SELECTOR = YES;
				GCC_WARN_UNINITIALIZED_AUTOS = YES_AGGRESSIVE;
				GCC_WARN_UNUSED_FUNCTION = YES;
				GCC_WARN_UNUSED_VARIABLE = YES;
				IPHONEOS_DEPLOYMENT_TARGET = 12.0;
				MTL_ENABLE_DEBUG_INFO = INCLUDE_SOURCE;
				MTL_FAST_MATH = YES;
				ONLY_ACTIVE_ARCH = YES;
				SDKROOT = iphoneos;
				SWIFT_ACTIVE_COMPILATION_CONDITIONS = DEBUG;
				SWIFT_OPTIMIZATION_LEVEL = "-Onone";
				VERSIONING_SYSTEM = "apple-generic";
				VERSION_INFO_PREFIX = "";
			};
			name = Debug;
		};
		117BF13D2518D2940089C9E9 /* Release */ = {
			isa = XCBuildConfiguration;
			buildSettings = {
				ALWAYS_SEARCH_USER_PATHS = NO;
				CLANG_ANALYZER_NONNULL = YES;
				CLANG_ANALYZER_NUMBER_OBJECT_CONVERSION = YES_AGGRESSIVE;
				CLANG_CXX_LANGUAGE_STANDARD = "gnu++14";
				CLANG_CXX_LIBRARY = "libc++";
				CLANG_ENABLE_MODULES = YES;
				CLANG_ENABLE_OBJC_ARC = YES;
				CLANG_ENABLE_OBJC_WEAK = YES;
				CLANG_WARN_BLOCK_CAPTURE_AUTORELEASING = YES;
				CLANG_WARN_BOOL_CONVERSION = YES;
				CLANG_WARN_COMMA = YES;
				CLANG_WARN_CONSTANT_CONVERSION = YES;
				CLANG_WARN_DEPRECATED_OBJC_IMPLEMENTATIONS = YES;
				CLANG_WARN_DIRECT_OBJC_ISA_USAGE = YES_ERROR;
				CLANG_WARN_DOCUMENTATION_COMMENTS = YES;
				CLANG_WARN_EMPTY_BODY = YES;
				CLANG_WARN_ENUM_CONVERSION = YES;
				CLANG_WARN_INFINITE_RECURSION = YES;
				CLANG_WARN_INT_CONVERSION = YES;
				CLANG_WARN_NON_LITERAL_NULL_CONVERSION = YES;
				CLANG_WARN_OBJC_IMPLICIT_RETAIN_SELF = YES;
				CLANG_WARN_OBJC_LITERAL_CONVERSION = YES;
				CLANG_WARN_OBJC_ROOT_CLASS = YES_ERROR;
				CLANG_WARN_QUOTED_INCLUDE_IN_FRAMEWORK_HEADER = YES;
				CLANG_WARN_RANGE_LOOP_ANALYSIS = YES;
				CLANG_WARN_STRICT_PROTOTYPES = YES;
				CLANG_WARN_SUSPICIOUS_MOVE = YES;
				CLANG_WARN_UNGUARDED_AVAILABILITY = YES_AGGRESSIVE;
				CLANG_WARN_UNREACHABLE_CODE = YES;
				CLANG_WARN__DUPLICATE_METHOD_MATCH = YES;
				COPY_PHASE_STRIP = NO;
				CURRENT_PROJECT_VERSION = 1;
				DEBUG_INFORMATION_FORMAT = "dwarf-with-dsym";
				ENABLE_NS_ASSERTIONS = NO;
				ENABLE_STRICT_OBJC_MSGSEND = YES;
				GCC_C_LANGUAGE_STANDARD = gnu11;
				GCC_NO_COMMON_BLOCKS = YES;
				GCC_WARN_64_TO_32_BIT_CONVERSION = YES;
				GCC_WARN_ABOUT_RETURN_TYPE = YES_ERROR;
				GCC_WARN_UNDECLARED_SELECTOR = YES;
				GCC_WARN_UNINITIALIZED_AUTOS = YES_AGGRESSIVE;
				GCC_WARN_UNUSED_FUNCTION = YES;
				GCC_WARN_UNUSED_VARIABLE = YES;
				IPHONEOS_DEPLOYMENT_TARGET = 12.0;
				MTL_ENABLE_DEBUG_INFO = NO;
				MTL_FAST_MATH = YES;
				SDKROOT = iphoneos;
				SWIFT_COMPILATION_MODE = wholemodule;
				SWIFT_OPTIMIZATION_LEVEL = "-O";
				VALIDATE_PRODUCT = YES;
				VERSIONING_SYSTEM = "apple-generic";
				VERSION_INFO_PREFIX = "";
			};
			name = Release;
		};
		117BF13F2518D2940089C9E9 /* Debug */ = {
			isa = XCBuildConfiguration;
			buildSettings = {
				BUILD_LIBRARY_FOR_DISTRIBUTION = YES;
				CLANG_ENABLE_MODULES = YES;
				CODE_SIGN_IDENTITY = "Apple Development";
				CODE_SIGN_STYLE = Manual;
				DEFINES_MODULE = YES;
				DEVELOPMENT_TEAM = "";
				DYLIB_COMPATIBILITY_VERSION = 1;
				DYLIB_CURRENT_VERSION = 1;
				DYLIB_INSTALL_NAME_BASE = "@rpath";
				INFOPLIST_FILE = MobileConsents/SupportingFiles/Info.plist;
				INSTALL_PATH = "$(LOCAL_LIBRARY_DIR)/Frameworks";
				LD_RUNPATH_SEARCH_PATHS = (
					"$(inherited)",
					"@executable_path/Frameworks",
					"@loader_path/Frameworks",
				);
				PRODUCT_BUNDLE_IDENTIFIER = com.droids.MobileConsents;
				PRODUCT_NAME = "$(TARGET_NAME:c99extidentifier)";
				PROVISIONING_PROFILE_SPECIFIER = "";
				"PROVISIONING_PROFILE_SPECIFIER[sdk=macosx*]" = "";
				SKIP_INSTALL = YES;
				SUPPORTS_MACCATALYST = NO;
				SWIFT_OPTIMIZATION_LEVEL = "-Onone";
				SWIFT_VERSION = 5.0;
				TARGETED_DEVICE_FAMILY = "1,2";
			};
			name = Debug;
		};
		117BF1402518D2940089C9E9 /* Release */ = {
			isa = XCBuildConfiguration;
			buildSettings = {
				BUILD_LIBRARY_FOR_DISTRIBUTION = YES;
				CLANG_ENABLE_MODULES = YES;
				CODE_SIGN_IDENTITY = "Apple Development";
				"CODE_SIGN_IDENTITY[sdk=macosx*]" = "Apple Development";
				CODE_SIGN_STYLE = Manual;
				DEFINES_MODULE = YES;
				DEVELOPMENT_TEAM = "";
				DYLIB_COMPATIBILITY_VERSION = 1;
				DYLIB_CURRENT_VERSION = 1;
				DYLIB_INSTALL_NAME_BASE = "@rpath";
				INFOPLIST_FILE = MobileConsents/SupportingFiles/Info.plist;
				INSTALL_PATH = "$(LOCAL_LIBRARY_DIR)/Frameworks";
				LD_RUNPATH_SEARCH_PATHS = (
					"$(inherited)",
					"@executable_path/Frameworks",
					"@loader_path/Frameworks",
				);
				PRODUCT_BUNDLE_IDENTIFIER = com.droids.MobileConsents;
				PRODUCT_NAME = "$(TARGET_NAME:c99extidentifier)";
				PROVISIONING_PROFILE_SPECIFIER = "";
				"PROVISIONING_PROFILE_SPECIFIER[sdk=macosx*]" = "";
				SKIP_INSTALL = YES;
				SUPPORTS_MACCATALYST = NO;
				SWIFT_VERSION = 5.0;
				TARGETED_DEVICE_FAMILY = "1,2";
			};
			name = Release;
		};
		119AFB1325230F9200186CB7 /* Debug */ = {
			isa = XCBuildConfiguration;
			buildSettings = {
				ASSETCATALOG_COMPILER_APPICON_NAME = AppIcon;
				ASSETCATALOG_COMPILER_GLOBAL_ACCENT_COLOR_NAME = AccentColor;
				CODE_SIGN_IDENTITY = "Apple Development";
				CODE_SIGN_STYLE = Automatic;
				DEVELOPMENT_TEAM = URYNPG7RQE;
				INFOPLIST_FILE = Example/Info.plist;
				IPHONEOS_DEPLOYMENT_TARGET = 13.0;
				LD_RUNPATH_SEARCH_PATHS = (
					"$(inherited)",
					"@executable_path/Frameworks",
				);
				PRODUCT_BUNDLE_IDENTIFIER = com.droids.MobileConsents.Example;
				PRODUCT_NAME = "$(TARGET_NAME)";
				PROVISIONING_PROFILE_SPECIFIER = "";
				SKIP_INSTALL = NO;
				SWIFT_VERSION = 5.0;
				TARGETED_DEVICE_FAMILY = "1,2";
			};
			name = Debug;
		};
		119AFB1425230F9200186CB7 /* Release */ = {
			isa = XCBuildConfiguration;
			buildSettings = {
				ASSETCATALOG_COMPILER_APPICON_NAME = AppIcon;
				ASSETCATALOG_COMPILER_GLOBAL_ACCENT_COLOR_NAME = AccentColor;
				CODE_SIGN_IDENTITY = "Apple Development";
				CODE_SIGN_STYLE = Automatic;
				DEVELOPMENT_TEAM = URYNPG7RQE;
				INFOPLIST_FILE = Example/Info.plist;
				IPHONEOS_DEPLOYMENT_TARGET = 13.0;
				LD_RUNPATH_SEARCH_PATHS = (
					"$(inherited)",
					"@executable_path/Frameworks",
				);
				PRODUCT_BUNDLE_IDENTIFIER = com.droids.MobileConsents.Example;
				PRODUCT_NAME = "$(TARGET_NAME)";
				PROVISIONING_PROFILE_SPECIFIER = "";
				SKIP_INSTALL = NO;
				SWIFT_VERSION = 5.0;
				TARGETED_DEVICE_FAMILY = "1,2";
			};
			name = Release;
		};
		914EAEA926296643005D3312 /* Release Client Signing */ = {
			isa = XCBuildConfiguration;
			buildSettings = {
				ALWAYS_SEARCH_USER_PATHS = NO;
				CLANG_ANALYZER_NONNULL = YES;
				CLANG_ANALYZER_NUMBER_OBJECT_CONVERSION = YES_AGGRESSIVE;
				CLANG_CXX_LANGUAGE_STANDARD = "gnu++14";
				CLANG_CXX_LIBRARY = "libc++";
				CLANG_ENABLE_MODULES = YES;
				CLANG_ENABLE_OBJC_ARC = YES;
				CLANG_ENABLE_OBJC_WEAK = YES;
				CLANG_WARN_BLOCK_CAPTURE_AUTORELEASING = YES;
				CLANG_WARN_BOOL_CONVERSION = YES;
				CLANG_WARN_COMMA = YES;
				CLANG_WARN_CONSTANT_CONVERSION = YES;
				CLANG_WARN_DEPRECATED_OBJC_IMPLEMENTATIONS = YES;
				CLANG_WARN_DIRECT_OBJC_ISA_USAGE = YES_ERROR;
				CLANG_WARN_DOCUMENTATION_COMMENTS = YES;
				CLANG_WARN_EMPTY_BODY = YES;
				CLANG_WARN_ENUM_CONVERSION = YES;
				CLANG_WARN_INFINITE_RECURSION = YES;
				CLANG_WARN_INT_CONVERSION = YES;
				CLANG_WARN_NON_LITERAL_NULL_CONVERSION = YES;
				CLANG_WARN_OBJC_IMPLICIT_RETAIN_SELF = YES;
				CLANG_WARN_OBJC_LITERAL_CONVERSION = YES;
				CLANG_WARN_OBJC_ROOT_CLASS = YES_ERROR;
				CLANG_WARN_QUOTED_INCLUDE_IN_FRAMEWORK_HEADER = YES;
				CLANG_WARN_RANGE_LOOP_ANALYSIS = YES;
				CLANG_WARN_STRICT_PROTOTYPES = YES;
				CLANG_WARN_SUSPICIOUS_MOVE = YES;
				CLANG_WARN_UNGUARDED_AVAILABILITY = YES_AGGRESSIVE;
				CLANG_WARN_UNREACHABLE_CODE = YES;
				CLANG_WARN__DUPLICATE_METHOD_MATCH = YES;
				COPY_PHASE_STRIP = NO;
				CURRENT_PROJECT_VERSION = 1;
				DEBUG_INFORMATION_FORMAT = "dwarf-with-dsym";
				ENABLE_NS_ASSERTIONS = NO;
				ENABLE_STRICT_OBJC_MSGSEND = YES;
				GCC_C_LANGUAGE_STANDARD = gnu11;
				GCC_NO_COMMON_BLOCKS = YES;
				GCC_WARN_64_TO_32_BIT_CONVERSION = YES;
				GCC_WARN_ABOUT_RETURN_TYPE = YES_ERROR;
				GCC_WARN_UNDECLARED_SELECTOR = YES;
				GCC_WARN_UNINITIALIZED_AUTOS = YES_AGGRESSIVE;
				GCC_WARN_UNUSED_FUNCTION = YES;
				GCC_WARN_UNUSED_VARIABLE = YES;
				IPHONEOS_DEPLOYMENT_TARGET = 12.0;
				MTL_ENABLE_DEBUG_INFO = NO;
				MTL_FAST_MATH = YES;
				SDKROOT = iphoneos;
				SWIFT_COMPILATION_MODE = wholemodule;
				SWIFT_OPTIMIZATION_LEVEL = "-O";
				VALIDATE_PRODUCT = YES;
				VERSIONING_SYSTEM = "apple-generic";
				VERSION_INFO_PREFIX = "";
			};
			name = "Release Client Signing";
		};
		914EAEAA26296643005D3312 /* Release Client Signing */ = {
			isa = XCBuildConfiguration;
			buildSettings = {
				BUILD_LIBRARY_FOR_DISTRIBUTION = YES;
				CLANG_ENABLE_MODULES = YES;
				CODE_SIGN_IDENTITY = "Apple Development";
				"CODE_SIGN_IDENTITY[sdk=macosx*]" = "Apple Development";
				CODE_SIGN_STYLE = Manual;
				DEFINES_MODULE = YES;
				DEVELOPMENT_TEAM = "";
				DYLIB_COMPATIBILITY_VERSION = 1;
				DYLIB_CURRENT_VERSION = 1;
				DYLIB_INSTALL_NAME_BASE = "@rpath";
				INFOPLIST_FILE = MobileConsents/SupportingFiles/Info.plist;
				INSTALL_PATH = "$(LOCAL_LIBRARY_DIR)/Frameworks";
				LD_RUNPATH_SEARCH_PATHS = (
					"$(inherited)",
					"@executable_path/Frameworks",
					"@loader_path/Frameworks",
				);
				PRODUCT_BUNDLE_IDENTIFIER = com.droids.MobileConsents;
				PRODUCT_NAME = "$(TARGET_NAME:c99extidentifier)";
				PROVISIONING_PROFILE_SPECIFIER = "";
				"PROVISIONING_PROFILE_SPECIFIER[sdk=macosx*]" = "";
				SKIP_INSTALL = YES;
				SUPPORTS_MACCATALYST = NO;
				SWIFT_VERSION = 5.0;
				TARGETED_DEVICE_FAMILY = "1,2";
			};
			name = "Release Client Signing";
		};
		914EAEAB26296643005D3312 /* Release Client Signing */ = {
			isa = XCBuildConfiguration;
			buildSettings = {
				CODE_SIGN_STYLE = Automatic;
				DEVELOPMENT_TEAM = URYNPG7RQE;
				INFOPLIST_FILE = MobileConsentsTests/Info.plist;
				LD_RUNPATH_SEARCH_PATHS = (
					"$(inherited)",
					"@executable_path/Frameworks",
					"@loader_path/Frameworks",
				);
				PRODUCT_BUNDLE_IDENTIFIER = com.droidsonroids.MobileConsentsTests;
				PRODUCT_NAME = "$(TARGET_NAME)";
				SWIFT_VERSION = 5.0;
				TARGETED_DEVICE_FAMILY = "1,2";
			};
			name = "Release Client Signing";
		};
		914EAEAC26296643005D3312 /* Release Client Signing */ = {
			isa = XCBuildConfiguration;
			buildSettings = {
				ASSETCATALOG_COMPILER_APPICON_NAME = AppIcon;
				ASSETCATALOG_COMPILER_GLOBAL_ACCENT_COLOR_NAME = AccentColor;
				CODE_SIGN_IDENTITY = "Apple Development";
				CODE_SIGN_STYLE = Automatic;
				DEVELOPMENT_TEAM = URYNPG7RQE;
				INFOPLIST_FILE = Example/Info.plist;
				IPHONEOS_DEPLOYMENT_TARGET = 13.0;
				LD_RUNPATH_SEARCH_PATHS = (
					"$(inherited)",
					"@executable_path/Frameworks",
				);
				PRODUCT_BUNDLE_IDENTIFIER = com.droids.MobileConsents.Example;
				PRODUCT_NAME = "$(TARGET_NAME)";
				PROVISIONING_PROFILE_SPECIFIER = "";
				SKIP_INSTALL = NO;
				SWIFT_VERSION = 5.0;
				TARGETED_DEVICE_FAMILY = "1,2";
			};
			name = "Release Client Signing";
		};
		9B8E95BC2519C8B0001DF8BD /* Debug */ = {
			isa = XCBuildConfiguration;
			buildSettings = {
				CODE_SIGN_STYLE = Automatic;
				DEVELOPMENT_TEAM = URYNPG7RQE;
				INFOPLIST_FILE = MobileConsentsTests/Info.plist;
				LD_RUNPATH_SEARCH_PATHS = (
					"$(inherited)",
					"@executable_path/Frameworks",
					"@loader_path/Frameworks",
				);
				PRODUCT_BUNDLE_IDENTIFIER = com.droidsonroids.MobileConsentsTests;
				PRODUCT_NAME = "$(TARGET_NAME)";
				SWIFT_VERSION = 5.0;
				TARGETED_DEVICE_FAMILY = "1,2";
			};
			name = Debug;
		};
		9B8E95BD2519C8B0001DF8BD /* Release */ = {
			isa = XCBuildConfiguration;
			buildSettings = {
				CODE_SIGN_STYLE = Automatic;
				DEVELOPMENT_TEAM = URYNPG7RQE;
				INFOPLIST_FILE = MobileConsentsTests/Info.plist;
				LD_RUNPATH_SEARCH_PATHS = (
					"$(inherited)",
					"@executable_path/Frameworks",
					"@loader_path/Frameworks",
				);
				PRODUCT_BUNDLE_IDENTIFIER = com.droidsonroids.MobileConsentsTests;
				PRODUCT_NAME = "$(TARGET_NAME)";
				SWIFT_VERSION = 5.0;
				TARGETED_DEVICE_FAMILY = "1,2";
			};
			name = Release;
		};
/* End XCBuildConfiguration section */

/* Begin XCConfigurationList section */
		117BF1302518D2940089C9E9 /* Build configuration list for PBXProject "MobileConsentsSDK" */ = {
			isa = XCConfigurationList;
			buildConfigurations = (
				117BF13C2518D2940089C9E9 /* Debug */,
				117BF13D2518D2940089C9E9 /* Release */,
				914EAEA926296643005D3312 /* Release Client Signing */,
			);
			defaultConfigurationIsVisible = 0;
			defaultConfigurationName = Release;
		};
		117BF13E2518D2940089C9E9 /* Build configuration list for PBXNativeTarget "MobileConsentsSDK" */ = {
			isa = XCConfigurationList;
			buildConfigurations = (
				117BF13F2518D2940089C9E9 /* Debug */,
				117BF1402518D2940089C9E9 /* Release */,
				914EAEAA26296643005D3312 /* Release Client Signing */,
			);
			defaultConfigurationIsVisible = 0;
			defaultConfigurationName = Release;
		};
		119AFB1525230F9200186CB7 /* Build configuration list for PBXNativeTarget "MobileConsent" */ = {
			isa = XCConfigurationList;
			buildConfigurations = (
				119AFB1325230F9200186CB7 /* Debug */,
				119AFB1425230F9200186CB7 /* Release */,
				914EAEAC26296643005D3312 /* Release Client Signing */,
			);
			defaultConfigurationIsVisible = 0;
			defaultConfigurationName = Release;
		};
		9B8E95BE2519C8B0001DF8BD /* Build configuration list for PBXNativeTarget "MobileConsentsSDKTests" */ = {
			isa = XCConfigurationList;
			buildConfigurations = (
				9B8E95BC2519C8B0001DF8BD /* Debug */,
				9B8E95BD2519C8B0001DF8BD /* Release */,
				914EAEAB26296643005D3312 /* Release Client Signing */,
			);
			defaultConfigurationIsVisible = 0;
			defaultConfigurationName = Release;
		};
/* End XCConfigurationList section */
	};
	rootObject = 117BF12D2518D2940089C9E9 /* Project object */;
}
